<?xml version="1.0" encoding="utf-8"?>
<Project ToolsVersion="4.0" xmlns="http://schemas.microsoft.com/developer/msbuild/2003">
  <ItemGroup>
    <Filter Include="library">
      <UniqueIdentifier>{d08dcda9-f3f6-47d3-ba03-cce13d473d21}</UniqueIdentifier>
    </Filter>
    <Filter Include="modules">
      <UniqueIdentifier>{70351da3-9b56-47ac-becd-697c534d6382}</UniqueIdentifier>
    </Filter>
  </ItemGroup>
  <ItemGroup>
    <ClInclude Include="library\edges.hpp">
      <Filter>library</Filter>
    </ClInclude>
    <ClInclude Include="library\median_filter.hpp">
      <Filter>library</Filter>
    </ClInclude>
    <ClInclude Include="library\peak_finder.hpp">
      <Filter>library</Filter>
    </ClInclude>
    <ClInclude Include="library\sort.hpp">
      <Filter>library</Filter>
    </ClInclude>
    <ClInclude Include="modules\conversion_helpers.hpp">
      <Filter>modules</Filter>
    </ClInclude>
    <ClInclude Include="modules\modules_change.hpp">
      <Filter>modules</Filter>
    </ClInclude>
    <ClInclude Include="modules\modules_content.hpp">
      <Filter>modules</Filter>
    </ClInclude>
    <ClInclude Include="modules\modules_core.hpp">
      <Filter>modules</Filter>
    </ClInclude>
    <ClInclude Include="modules\modules_level.hpp">
      <Filter>modules</Filter>
    </ClInclude>
    <ClInclude Include="modules\modules_pitch.hpp">
      <Filter>modules</Filter>
    </ClInclude>
    <ClInclude Include="modules\modules_spectral.hpp">
      <Filter>modules</Filter>
    </ClInclude>
    <ClInclude Include="modules\modules_summary.hpp">
      <Filter>modules</Filter>
    </ClInclude>
    <ClInclude Include="modules\processing_containers.hpp">
      <Filter>modules</Filter>
    </ClInclude>
    <ClInclude Include="modules\utility_definitions.hpp">
      <Filter>modules</Filter>
    </ClInclude>
  </ItemGroup>
  <ItemGroup>
    <ClCompile Include="modules\modules_change.cpp">
      <Filter>modules</Filter>
    </ClCompile>
    <ClCompile Include="modules\modules_content.cpp">
      <Filter>modules</Filter>
    </ClCompile>
    <ClCompile Include="modules\modules_core.cpp">
      <Filter>modules</Filter>
    </ClCompile>
    <ClCompile Include="modules\modules_level.cpp">
      <Filter>modules</Filter>
    </ClCompile>
    <ClCompile Include="modules\modules_pitch.cpp">
      <Filter>modules</Filter>
    </ClCompile>
    <ClCompile Include="modules\modules_spectral.cpp">
      <Filter>modules</Filter>
    </ClCompile>
    <ClCompile Include="modules\modules_summary.cpp">
      <Filter>modules</Filter>
    </ClCompile>
    <ClCompile Include="..\..\AH_MaxMSP_Headers\HISSTools_FFT\HISSTools_FFT.cpp" />
    <ClCompile Include="..\..\AH_MaxMSP_Headers\ibuffer_access.cpp" />
  </ItemGroup>
</Project>