// !$*UTF8*$!
{
	archiveVersion = 1;
	classes = {
	};
	objectVersion = 46;
	objects = {

/* Begin PBXBuildFile section */
		B8E15A0D11E33C5500FA3CFA /* randfloats.c in Sources */ = {isa = PBXBuildFile; fileRef = B8DE14DC0EB46B030050BDFE /* randfloats.c */; };
		B8E15A0F11E33C5500FA3CFA /* Carbon.framework in Frameworks */ = {isa = PBXBuildFile; fileRef = 08EA7FFBFE8413EDC02AAC07 /* Carbon.framework */; };
		B8E15A1011E33C5500FA3CFA /* MaxAPI.framework in Frameworks */ = {isa = PBXBuildFile; fileRef = B818C1AE10E8363F00049E56 /* MaxAPI.framework */; };
		B8E15A1111E33C5500FA3CFA /* MaxAudioAPI.framework in Frameworks */ = {isa = PBXBuildFile; fileRef = B818C1AF10E8363F00049E56 /* MaxAudioAPI.framework */; };
/* End PBXBuildFile section */

/* Begin PBXFileReference section */
		08EA7FFBFE8413EDC02AAC07 /* Carbon.framework */ = {isa = PBXFileReference; lastKnownFileType = wrapper.framework; name = Carbon.framework; path = /System/Library/Frameworks/Carbon.framework; sourceTree = "<absolute>"; };
		B818C1AE10E8363F00049E56 /* MaxAPI.framework */ = {isa = PBXFileReference; lastKnownFileType = wrapper.framework; name = MaxAPI.framework; path = "../../AH_Max4_Support/c74support/max-includes/MaxAPI.framework"; sourceTree = SOURCE_ROOT; };
		B818C1AF10E8363F00049E56 /* MaxAudioAPI.framework */ = {isa = PBXFileReference; lastKnownFileType = wrapper.framework; name = MaxAudioAPI.framework; path = "../../AH_Max4_Support/c74support/msp-includes/MaxAudioAPI.framework"; sourceTree = SOURCE_ROOT; };
		B8589F2619A7D501003F8618 /* Config_AHarker_Externals.xcconfig */ = {isa = PBXFileReference; lastKnownFileType = text.xcconfig; name = Config_AHarker_Externals.xcconfig; path = "/Users/alexharker/Documents/Max Externals/- AHarker Externals/threading/schedulemessage/../../Config_AHarker_Externals.xcconfig"; sourceTree = "<absolute>"; };
		B8DE14DC0EB46B030050BDFE /* randfloats.c */ = {isa = PBXFileReference; explicitFileType = sourcecode.c.c; fileEncoding = 4; path = randfloats.c; sourceTree = "<group>"; };
		B8E15A1711E33C5500FA3CFA /* randfloats.mxo */ = {isa = PBXFileReference; explicitFileType = wrapper.cfbundle; includeInIndex = 0; path = randfloats.mxo; sourceTree = BUILT_PRODUCTS_DIR; };
/* End PBXFileReference section */

/* Begin PBXFrameworksBuildPhase section */
		B8E15A0E11E33C5500FA3CFA /* Frameworks */ = {
			isa = PBXFrameworksBuildPhase;
			buildActionMask = 2147483647;
			files = (
				B8E15A0F11E33C5500FA3CFA /* Carbon.framework in Frameworks */,
				B8E15A1011E33C5500FA3CFA /* MaxAPI.framework in Frameworks */,
				B8E15A1111E33C5500FA3CFA /* MaxAudioAPI.framework in Frameworks */,
			);
			runOnlyForDeploymentPostprocessing = 0;
		};
/* End PBXFrameworksBuildPhase section */

/* Begin PBXGroup section */
		089C166AFE841209C02AAC07 /* plus~ */ = {
			isa = PBXGroup;
			children = (
				B8589F2619A7D501003F8618 /* Config_AHarker_Externals.xcconfig */,
				08FB77ADFE841716C02AAC07 /* Source */,
				089C167CFE841241C02AAC07 /* Resources */,
				089C1671FE841209C02AAC07 /* External Frameworks and Libraries */,
				19C28FB4FE9D528D11CA2CBB /* Products */,
			);
			name = "plus~";
			sourceTree = "<group>";
		};
		089C1671FE841209C02AAC07 /* External Frameworks and Libraries */ = {
			isa = PBXGroup;
			children = (
				B818C1AE10E8363F00049E56 /* MaxAPI.framework */,
				B818C1AF10E8363F00049E56 /* MaxAudioAPI.framework */,
				08EA7FFBFE8413EDC02AAC07 /* Carbon.framework */,
			);
			name = "External Frameworks and Libraries";
			sourceTree = "<group>";
		};
		089C167CFE841241C02AAC07 /* Resources */ = {
			isa = PBXGroup;
			children = (
			);
			name = Resources;
			sourceTree = "<group>";
		};
		08FB77ADFE841716C02AAC07 /* Source */ = {
			isa = PBXGroup;
			children = (
				B8DE14DC0EB46B030050BDFE /* randfloats.c */,
			);
			name = Source;
			sourceTree = "<group>";
		};
		19C28FB4FE9D528D11CA2CBB /* Products */ = {
			isa = PBXGroup;
			children = (
				B8E15A1711E33C5500FA3CFA /* randfloats.mxo */,
			);
			name = Products;
			sourceTree = "<group>";
		};
/* End PBXGroup section */

/* Begin PBXHeadersBuildPhase section */
		B8E15A0A11E33C5500FA3CFA /* Headers */ = {
			isa = PBXHeadersBuildPhase;
			buildActionMask = 2147483647;
			files = (
			);
			runOnlyForDeploymentPostprocessing = 0;
		};
/* End PBXHeadersBuildPhase section */

/* Begin PBXNativeTarget section */
		B8E15A0911E33C5500FA3CFA /* randfloats */ = {
			isa = PBXNativeTarget;
			buildConfigurationList = B8E15A1311E33C5500FA3CFA /* Build configuration list for PBXNativeTarget "randfloats" */;
			buildPhases = (
				B8E15A0A11E33C5500FA3CFA /* Headers */,
				B8E15A0B11E33C5500FA3CFA /* Resources */,
				B8E15A0C11E33C5500FA3CFA /* Sources */,
				B8E15A0E11E33C5500FA3CFA /* Frameworks */,
				B8E15A1211E33C5500FA3CFA /* Rez */,
			);
			buildRules = (
			);
			dependencies = (
			);
			name = randfloats;
			productInstallPath = "$(HOME)/Library/Bundles";
			productName = MSPExternal;
			productReference = B8E15A1711E33C5500FA3CFA /* randfloats.mxo */;
			productType = "com.apple.product-type.bundle";
		};
/* End PBXNativeTarget section */

/* Begin PBXProject section */
		089C1669FE841209C02AAC07 /* Project object */ = {
			isa = PBXProject;
			attributes = {
			};
			buildConfigurationList = 0FFBC544097463A900D78707 /* Build configuration list for PBXProject "randfloats" */;
			compatibilityVersion = "Xcode 3.2";
			developmentRegion = English;
			hasScannedForEncodings = 1;
			knownRegions = (
				English,
				Japanese,
				French,
				German,
			);
			mainGroup = 089C166AFE841209C02AAC07 /* plus~ */;
			projectDirPath = "";
			projectRoot = "";
			targets = (
				B8E15A0911E33C5500FA3CFA /* randfloats */,
			);
		};
/* End PBXProject section */

/* Begin PBXResourcesBuildPhase section */
		B8E15A0B11E33C5500FA3CFA /* Resources */ = {
			isa = PBXResourcesBuildPhase;
			buildActionMask = 2147483647;
			files = (
			);
			runOnlyForDeploymentPostprocessing = 0;
		};
/* End PBXResourcesBuildPhase section */

/* Begin PBXRezBuildPhase section */
		B8E15A1211E33C5500FA3CFA /* Rez */ = {
			isa = PBXRezBuildPhase;
			buildActionMask = 2147483647;
			files = (
			);
			runOnlyForDeploymentPostprocessing = 0;
		};
/* End PBXRezBuildPhase section */

/* Begin PBXSourcesBuildPhase section */
		B8E15A0C11E33C5500FA3CFA /* Sources */ = {
			isa = PBXSourcesBuildPhase;
			buildActionMask = 2147483647;
			files = (
				B8E15A0D11E33C5500FA3CFA /* randfloats.c in Sources */,
			);
			runOnlyForDeploymentPostprocessing = 0;
		};
/* End PBXSourcesBuildPhase section */

/* Begin XCBuildConfiguration section */
		0FFBC545097463A900D78707 /* Development */ = {
			isa = XCBuildConfiguration;
			baseConfigurationReference = B8589F2619A7D501003F8618 /* Config_AHarker_Externals.xcconfig */;
			buildSettings = {
				GCC_ALTIVEC_EXTENSIONS = YES;
			};
			name = Development;
		};
		0FFBC546097463A900D78707 /* Deployment */ = {
			isa = XCBuildConfiguration;
			baseConfigurationReference = B8589F2619A7D501003F8618 /* Config_AHarker_Externals.xcconfig */;
			buildSettings = {
				GCC_ALTIVEC_EXTENSIONS = YES;
			};
			name = Deployment;
		};
		0FFBC547097463A900D78707 /* Default */ = {
			isa = XCBuildConfiguration;
			baseConfigurationReference = B8589F2619A7D501003F8618 /* Config_AHarker_Externals.xcconfig */;
			buildSettings = {
				GCC_ALTIVEC_EXTENSIONS = YES;
			};
			name = Default;
		};
		B8E15A1411E33C5500FA3CFA /* Development */ = {
			isa = XCBuildConfiguration;
			buildSettings = {
				DEBUGGING_SYMBOLS = YES;
				GCC_ALTIVEC_EXTENSIONS = YES;
				GCC_AUTO_VECTORIZATION = YES;
				GCC_DYNAMIC_NO_PIC = NO;
				GCC_ENABLE_FIX_AND_CONTINUE = YES;
				GCC_ENABLE_SSE3_EXTENSIONS = YES;
				GCC_ENABLE_TRIGRAPHS = NO;
				GCC_GENERATE_DEBUGGING_SYMBOLS = YES;
				GCC_OPTIMIZATION_LEVEL = 0;
				GCC_PRECOMPILE_PREFIX_HEADER = YES;
				GCC_UNROLL_LOOPS = NO;
				GCC_WARN_ABOUT_MISSING_PROTOTYPES = NO;
				GCC_WARN_FOUR_CHARACTER_CONSTANTS = NO;
				GCC_WARN_UNKNOWN_PRAGMAS = NO;
				ZERO_LINK = YES;
			};
			name = Development;
		};
		B8E15A1511E33C5500FA3CFA /* Deployment */ = {
			isa = XCBuildConfiguration;
			buildSettings = {
				GCC_ALTIVEC_EXTENSIONS = YES;
				GCC_AUTO_VECTORIZATION = YES;
				GCC_DEBUGGING_SYMBOLS = default;
				GCC_DYNAMIC_NO_PIC = NO;
				GCC_ENABLE_FIX_AND_CONTINUE = NO;
				GCC_ENABLE_SSE3_EXTENSIONS = YES;
				GCC_ENABLE_TRIGRAPHS = NO;
				GCC_GENERATE_DEBUGGING_SYMBOLS = NO;
				GCC_OPTIMIZATION_LEVEL = 3;
				GCC_PRECOMPILE_PREFIX_HEADER = YES;
				GCC_UNROLL_LOOPS = NO;
				GCC_WARN_ABOUT_MISSING_PROTOTYPES = NO;
				GCC_WARN_FOUR_CHARACTER_CONSTANTS = NO;
				GCC_WARN_UNKNOWN_PRAGMAS = NO;
				ZERO_LINK = NO;
			};
			name = Deployment;
		};
		B8E15A1611E33C5500FA3CFA /* Default */ = {
			isa = XCBuildConfiguration;
			buildSettings = {
				GCC_ALTIVEC_EXTENSIONS = YES;
				GCC_AUTO_VECTORIZATION = YES;
				GCC_DYNAMIC_NO_PIC = NO;
				GCC_ENABLE_SSE3_EXTENSIONS = YES;
				GCC_ENABLE_TRIGRAPHS = NO;
				GCC_GENERATE_DEBUGGING_SYMBOLS = NO;
				GCC_PRECOMPILE_PREFIX_HEADER = YES;
				GCC_UNROLL_LOOPS = NO;
				GCC_WARN_ABOUT_MISSING_PROTOTYPES = NO;
				GCC_WARN_FOUR_CHARACTER_CONSTANTS = NO;
				GCC_WARN_UNKNOWN_PRAGMAS = NO;
			};
			name = Default;
		};
/* End XCBuildConfiguration section */

/* Begin XCConfigurationList section */
		0FFBC544097463A900D78707 /* Build configuration list for PBXProject "randfloats" */ = {
			isa = XCConfigurationList;
			buildConfigurations = (
				0FFBC545097463A900D78707 /* Development */,
				0FFBC546097463A900D78707 /* Deployment */,
				0FFBC547097463A900D78707 /* Default */,
			);
			defaultConfigurationIsVisible = 0;
			defaultConfigurationName = Default;
		};
		B8E15A1311E33C5500FA3CFA /* Build configuration list for PBXNativeTarget "randfloats" */ = {
			isa = XCConfigurationList;
			buildConfigurations = (
				B8E15A1411E33C5500FA3CFA /* Development */,
				B8E15A1511E33C5500FA3CFA /* Deployment */,
				B8E15A1611E33C5500FA3CFA /* Default */,
			);
			defaultConfigurationIsVisible = 0;
			defaultConfigurationName = Default;
		};
/* End XCConfigurationList section */
	};
	rootObject = 089C1669FE841209C02AAC07 /* Project object */;
}
