// !$*UTF8*$!
{
	archiveVersion = 1;
	classes = {
	};
	objectVersion = 42;
	objects = {

/* Begin PBXAggregateTarget section */
		B8C3050A12606AE500226E73 /* Both */ = {
			isa = PBXAggregateTarget;
			buildConfigurationList = B8C3052B12606B0C00226E73 /* Build configuration list for PBXAggregateTarget "Both" */;
			buildPhases = (
			);
			dependencies = (
				B8C3051812606AEE00226E73 /* PBXTargetDependency */,
				B8C3051612606AEE00226E73 /* PBXTargetDependency */,
			);
			name = Both;
			productName = Both;
		};
/* End PBXAggregateTarget section */

/* Begin PBXBuildFile section */
		8D01CCCE0486CAD60068D4B7 /* Carbon.framework in Frameworks */ = {isa = PBXBuildFile; fileRef = 08EA7FFBFE8413EDC02AAC07 /* Carbon.framework */; };
		B8998A4111CECDFB0028A17C /* Carbon.framework in Frameworks */ = {isa = PBXBuildFile; fileRef = 08EA7FFBFE8413EDC02AAC07 /* Carbon.framework */; };
		B8998A5311CECE260028A17C /* entrymatcher~.c in Sources */ = {isa = PBXBuildFile; fileRef = B8998A5211CECE260028A17C /* entrymatcher~.c */; };
		B8998B2211CED9CB0028A17C /* MaxAudioAPI.framework in Frameworks */ = {isa = PBXBuildFile; fileRef = B8998B2111CED9CB0028A17C /* MaxAudioAPI.framework */; };
		B8E4FB3F14643A9600BFD634 /* MaxAPI.framework in Frameworks */ = {isa = PBXBuildFile; fileRef = B8E4FB3E14643A9600BFD634 /* MaxAPI.framework */; };
		B8E4FB4014643A9600BFD634 /* MaxAPI.framework in Frameworks */ = {isa = PBXBuildFile; fileRef = B8E4FB3E14643A9600BFD634 /* MaxAPI.framework */; };
		B8EC9F050F0A433600B26D31 /* entrymatcher.c in Sources */ = {isa = PBXBuildFile; fileRef = B8EC9F040F0A433600B26D31 /* entrymatcher.c */; };
/* End PBXBuildFile section */

/* Begin PBXContainerItemProxy section */
		B8C3051512606AEE00226E73 /* PBXContainerItemProxy */ = {
			isa = PBXContainerItemProxy;
			containerPortal = 089C1669FE841209C02AAC07 /* Project object */;
			proxyType = 1;
			remoteGlobalIDString = B8998A3B11CECDFB0028A17C;
			remoteInfo = "entrymatcher~";
		};
		B8C3051712606AEE00226E73 /* PBXContainerItemProxy */ = {
			isa = PBXContainerItemProxy;
			containerPortal = 089C1669FE841209C02AAC07 /* Project object */;
			proxyType = 1;
			remoteGlobalIDString = 8D01CCC60486CAD60068D4B7;
			remoteInfo = entrymatcher;
		};
/* End PBXContainerItemProxy section */

/* Begin PBXFileReference section */
		08EA7FFBFE8413EDC02AAC07 /* Carbon.framework */ = {isa = PBXFileReference; lastKnownFileType = wrapper.framework; name = Carbon.framework; path = /System/Library/Frameworks/Carbon.framework; sourceTree = "<absolute>"; };
		8D01CCD20486CAD60068D4B7 /* entrymatcher.mxo */ = {isa = PBXFileReference; explicitFileType = wrapper.cfbundle; includeInIndex = 0; path = entrymatcher.mxo; sourceTree = BUILT_PRODUCTS_DIR; };
		B8998A4811CECDFB0028A17C /* entrymatcher~.mxo */ = {isa = PBXFileReference; explicitFileType = wrapper.cfbundle; includeInIndex = 0; path = "entrymatcher~.mxo"; sourceTree = BUILT_PRODUCTS_DIR; };
		B8998A5211CECE260028A17C /* entrymatcher~.c */ = {isa = PBXFileReference; fileEncoding = 4; lastKnownFileType = sourcecode.c.c; path = "entrymatcher~.c"; sourceTree = "<group>"; };
		B8998B2111CED9CB0028A17C /* MaxAudioAPI.framework */ = {isa = PBXFileReference; lastKnownFileType = wrapper.framework; name = MaxAudioAPI.framework; path = "../../AH_Max4_Support/c74support/msp-includes/MaxAudioAPI.framework"; sourceTree = SOURCE_ROOT; };
		B8E4FB3E14643A9600BFD634 /* MaxAPI.framework */ = {isa = PBXFileReference; lastKnownFileType = wrapper.framework; name = MaxAPI.framework; path = "../../AH_Max4_Support/c74support/max-includes/MaxAPI.framework"; sourceTree = SOURCE_ROOT; };
		B8EC9F040F0A433600B26D31 /* entrymatcher.c */ = {isa = PBXFileReference; fileEncoding = 30; lastKnownFileType = sourcecode.c.c; path = entrymatcher.c; sourceTree = "<group>"; };
		B8F41BDD10ED39E400C577DA /* AH_MaxMSP4.xcconfig */ = {isa = PBXFileReference; fileEncoding = 4; lastKnownFileType = text.xcconfig; name = AH_MaxMSP4.xcconfig; path = ../../AH_MaxMSP4.xcconfig; sourceTree = SOURCE_ROOT; };
/* End PBXFileReference section */

/* Begin PBXFrameworksBuildPhase section */
		8D01CCCD0486CAD60068D4B7 /* Frameworks */ = {
			isa = PBXFrameworksBuildPhase;
			buildActionMask = 2147483647;
			files = (
				8D01CCCE0486CAD60068D4B7 /* Carbon.framework in Frameworks */,
				B8E4FB4014643A9600BFD634 /* MaxAPI.framework in Frameworks */,
			);
			runOnlyForDeploymentPostprocessing = 0;
		};
		B8998A4011CECDFB0028A17C /* Frameworks */ = {
			isa = PBXFrameworksBuildPhase;
			buildActionMask = 2147483647;
			files = (
				B8998A4111CECDFB0028A17C /* Carbon.framework in Frameworks */,
				B8998B2211CED9CB0028A17C /* MaxAudioAPI.framework in Frameworks */,
				B8E4FB3F14643A9600BFD634 /* MaxAPI.framework in Frameworks */,
			);
			runOnlyForDeploymentPostprocessing = 0;
		};
/* End PBXFrameworksBuildPhase section */

/* Begin PBXGroup section */
		089C166AFE841209C02AAC07 /* maximum */ = {
			isa = PBXGroup;
			children = (
				B8F41BDD10ED39E400C577DA /* AH_MaxMSP4.xcconfig */,
				08FB77ADFE841716C02AAC07 /* Source */,
				089C167CFE841241C02AAC07 /* Resources */,
				089C1671FE841209C02AAC07 /* External Frameworks and Libraries */,
				19C28FB4FE9D528D11CA2CBB /* Products */,
			);
			name = maximum;
			sourceTree = "<group>";
		};
		089C1671FE841209C02AAC07 /* External Frameworks and Libraries */ = {
			isa = PBXGroup;
			children = (
				B8E4FB3E14643A9600BFD634 /* MaxAPI.framework */,
				B8998B2111CED9CB0028A17C /* MaxAudioAPI.framework */,
				08EA7FFBFE8413EDC02AAC07 /* Carbon.framework */,
			);
			name = "External Frameworks and Libraries";
			sourceTree = "<group>";
		};
		089C167CFE841241C02AAC07 /* Resources */ = {
			isa = PBXGroup;
			children = (
			);
			name = Resources;
			sourceTree = "<group>";
		};
		08FB77ADFE841716C02AAC07 /* Source */ = {
			isa = PBXGroup;
			children = (
				B8EC9F040F0A433600B26D31 /* entrymatcher.c */,
				B8998A5211CECE260028A17C /* entrymatcher~.c */,
			);
			name = Source;
			sourceTree = "<group>";
		};
		19C28FB4FE9D528D11CA2CBB /* Products */ = {
			isa = PBXGroup;
			children = (
				8D01CCD20486CAD60068D4B7 /* entrymatcher.mxo */,
				B8998A4811CECDFB0028A17C /* entrymatcher~.mxo */,
			);
			name = Products;
			sourceTree = "<group>";
		};
/* End PBXGroup section */

/* Begin PBXHeadersBuildPhase section */
		8D01CCC70486CAD60068D4B7 /* Headers */ = {
			isa = PBXHeadersBuildPhase;
			buildActionMask = 2147483647;
			files = (
			);
			runOnlyForDeploymentPostprocessing = 0;
		};
		B8998A3C11CECDFB0028A17C /* Headers */ = {
			isa = PBXHeadersBuildPhase;
			buildActionMask = 2147483647;
			files = (
			);
			runOnlyForDeploymentPostprocessing = 0;
		};
/* End PBXHeadersBuildPhase section */

/* Begin PBXNativeTarget section */
		8D01CCC60486CAD60068D4B7 /* entrymatcher */ = {
			isa = PBXNativeTarget;
			buildConfigurationList = 0FF6670A096B494E00E9E0B4 /* Build configuration list for PBXNativeTarget "entrymatcher" */;
			buildPhases = (
				8D01CCC70486CAD60068D4B7 /* Headers */,
				8D01CCC90486CAD60068D4B7 /* Resources */,
				8D01CCCB0486CAD60068D4B7 /* Sources */,
				8D01CCCD0486CAD60068D4B7 /* Frameworks */,
				8D01CCCF0486CAD60068D4B7 /* Rez */,
			);
			buildRules = (
			);
			dependencies = (
			);
			name = entrymatcher;
			productInstallPath = "$(HOME)/Library/Bundles";
			productName = MaxExternal;
			productReference = 8D01CCD20486CAD60068D4B7 /* entrymatcher.mxo */;
			productType = "com.apple.product-type.bundle";
		};
		B8998A3B11CECDFB0028A17C /* entrymatcher~ */ = {
			isa = PBXNativeTarget;
			buildConfigurationList = B8998A4411CECDFB0028A17C /* Build configuration list for PBXNativeTarget "entrymatcher~" */;
			buildPhases = (
				B8998A3C11CECDFB0028A17C /* Headers */,
				B8998A3D11CECDFB0028A17C /* Resources */,
				B8998A3E11CECDFB0028A17C /* Sources */,
				B8998A4011CECDFB0028A17C /* Frameworks */,
				B8998A4311CECDFB0028A17C /* Rez */,
			);
			buildRules = (
			);
			dependencies = (
			);
			name = "entrymatcher~";
			productInstallPath = "$(HOME)/Library/Bundles";
			productName = MaxExternal;
			productReference = B8998A4811CECDFB0028A17C /* entrymatcher~.mxo */;
			productType = "com.apple.product-type.bundle";
		};
/* End PBXNativeTarget section */

/* Begin PBXProject section */
		089C1669FE841209C02AAC07 /* Project object */ = {
			isa = PBXProject;
			buildConfigurationList = 0FF6670E096B494E00E9E0B4 /* Build configuration list for PBXProject "entrymatcher" */;
			compatibilityVersion = "Xcode 2.4";
			developmentRegion = English;
			hasScannedForEncodings = 1;
			knownRegions = (
				English,
				Japanese,
				French,
				German,
			);
			mainGroup = 089C166AFE841209C02AAC07 /* maximum */;
			projectDirPath = "";
			projectRoot = "";
			targets = (
				8D01CCC60486CAD60068D4B7 /* entrymatcher */,
				B8998A3B11CECDFB0028A17C /* entrymatcher~ */,
				B8C3050A12606AE500226E73 /* Both */,
			);
		};
/* End PBXProject section */

/* Begin PBXResourcesBuildPhase section */
		8D01CCC90486CAD60068D4B7 /* Resources */ = {
			isa = PBXResourcesBuildPhase;
			buildActionMask = 2147483647;
			files = (
			);
			runOnlyForDeploymentPostprocessing = 0;
		};
		B8998A3D11CECDFB0028A17C /* Resources */ = {
			isa = PBXResourcesBuildPhase;
			buildActionMask = 2147483647;
			files = (
			);
			runOnlyForDeploymentPostprocessing = 0;
		};
/* End PBXResourcesBuildPhase section */

/* Begin PBXRezBuildPhase section */
		8D01CCCF0486CAD60068D4B7 /* Rez */ = {
			isa = PBXRezBuildPhase;
			buildActionMask = 2147483647;
			files = (
			);
			runOnlyForDeploymentPostprocessing = 0;
		};
		B8998A4311CECDFB0028A17C /* Rez */ = {
			isa = PBXRezBuildPhase;
			buildActionMask = 2147483647;
			files = (
			);
			runOnlyForDeploymentPostprocessing = 0;
		};
/* End PBXRezBuildPhase section */

/* Begin PBXSourcesBuildPhase section */
		8D01CCCB0486CAD60068D4B7 /* Sources */ = {
			isa = PBXSourcesBuildPhase;
			buildActionMask = 2147483647;
			files = (
				B8EC9F050F0A433600B26D31 /* entrymatcher.c in Sources */,
			);
			runOnlyForDeploymentPostprocessing = 0;
		};
		B8998A3E11CECDFB0028A17C /* Sources */ = {
			isa = PBXSourcesBuildPhase;
			buildActionMask = 2147483647;
			files = (
				B8998A5311CECE260028A17C /* entrymatcher~.c in Sources */,
			);
			runOnlyForDeploymentPostprocessing = 0;
		};
/* End PBXSourcesBuildPhase section */

/* Begin PBXTargetDependency section */
		B8C3051612606AEE00226E73 /* PBXTargetDependency */ = {
			isa = PBXTargetDependency;
			target = B8998A3B11CECDFB0028A17C /* entrymatcher~ */;
			targetProxy = B8C3051512606AEE00226E73 /* PBXContainerItemProxy */;
		};
		B8C3051812606AEE00226E73 /* PBXTargetDependency */ = {
			isa = PBXTargetDependency;
			target = 8D01CCC60486CAD60068D4B7 /* entrymatcher */;
			targetProxy = B8C3051712606AEE00226E73 /* PBXContainerItemProxy */;
		};
/* End PBXTargetDependency section */

/* Begin XCBuildConfiguration section */
		0FF6670B096B494E00E9E0B4 /* Development */ = {
			isa = XCBuildConfiguration;
			baseConfigurationReference = B8F41BDD10ED39E400C577DA /* AH_MaxMSP4.xcconfig */;
			buildSettings = {
				COPY_PHASE_STRIP = NO;
				DEBUGGING_SYMBOLS = YES;
				DEPLOYMENT_LOCATION = NO;
				DSTROOT = "$(PROJECT_DIR)";
				FRAMEWORK_SEARCH_PATHS_QUOTED_FOR_TARGET_1 = "\"$(SRCROOT)/../../Max4_support/c74support/max-includes\"";
				GCC_DYNAMIC_NO_PIC = NO;
				GCC_ENABLE_FIX_AND_CONTINUE = YES;
				GCC_ENABLE_TRIGRAPHS = NO;
				GCC_GENERATE_DEBUGGING_SYMBOLS = YES;
				GCC_OPTIMIZATION_LEVEL = 0;
				GCC_PRECOMPILE_PREFIX_HEADER = YES;
				GCC_WARN_ABOUT_MISSING_PROTOTYPES = NO;
				GCC_WARN_EFFECTIVE_CPLUSPLUS_VIOLATIONS = YES;
				GCC_WARN_FOUR_CHARACTER_CONSTANTS = NO;
				GCC_WARN_UNKNOWN_PRAGMAS = NO;
				INSTALL_PATH = "/../../../sysbuild/$(CONFIGURATION)/Cycling '74/externals";
				OTHER_CFLAGS = "";
				OTHER_LDFLAGS = "";
				OTHER_REZFLAGS = "";
				SECTORDER_FLAGS = "";
				ZERO_LINK = YES;
			};
			name = Development;
		};
		0FF6670C096B494E00E9E0B4 /* Deployment */ = {
			isa = XCBuildConfiguration;
			baseConfigurationReference = B8F41BDD10ED39E400C577DA /* AH_MaxMSP4.xcconfig */;
			buildSettings = {
				ARCHS = (
					ppc,
					i386,
				);
				COPY_PHASE_STRIP = YES;
				DEPLOYMENT_LOCATION = NO;
				DSTROOT = "$(PROJECT_DIR)";
				FRAMEWORK_SEARCH_PATHS_QUOTED_FOR_TARGET_1 = "\"$(SRCROOT)/../../Max4_support/c74support/max-includes\"";
				GCC_ENABLE_FIX_AND_CONTINUE = NO;
				GCC_ENABLE_TRIGRAPHS = NO;
				GCC_GENERATE_DEBUGGING_SYMBOLS = NO;
				GCC_PRECOMPILE_PREFIX_HEADER = YES;
				GCC_WARN_ABOUT_MISSING_PROTOTYPES = NO;
				GCC_WARN_EFFECTIVE_CPLUSPLUS_VIOLATIONS = YES;
				GCC_WARN_FOUR_CHARACTER_CONSTANTS = NO;
				GCC_WARN_UNKNOWN_PRAGMAS = NO;
				INSTALL_PATH = "/../../../sysbuild/$(CONFIGURATION)/Cycling '74/externals";
				OTHER_CFLAGS = "";
				OTHER_LDFLAGS = "";
				OTHER_REZFLAGS = "";
				SECTORDER_FLAGS = "";
				ZERO_LINK = NO;
			};
			name = Deployment;
		};
		0FF6670D096B494E00E9E0B4 /* Default */ = {
			isa = XCBuildConfiguration;
			baseConfigurationReference = B8F41BDD10ED39E400C577DA /* AH_MaxMSP4.xcconfig */;
			buildSettings = {
				DEPLOYMENT_LOCATION = NO;
				DSTROOT = "$(PROJECT_DIR)";
				FRAMEWORK_SEARCH_PATHS_QUOTED_1 = "\"$(SRCROOT)/../../Max4_support/c74support/max-includes\"";
				GCC_ENABLE_TRIGRAPHS = NO;
				GCC_GENERATE_DEBUGGING_SYMBOLS = NO;
				GCC_PRECOMPILE_PREFIX_HEADER = YES;
				GCC_WARN_ABOUT_MISSING_PROTOTYPES = NO;
				GCC_WARN_EFFECTIVE_CPLUSPLUS_VIOLATIONS = YES;
				GCC_WARN_FOUR_CHARACTER_CONSTANTS = NO;
				GCC_WARN_UNKNOWN_PRAGMAS = NO;
				INSTALL_PATH = "/../../../sysbuild/$(CONFIGURATION)/Cycling '74/externals";
				OTHER_CFLAGS = "";
				OTHER_LDFLAGS = "";
				OTHER_REZFLAGS = "";
				SECTORDER_FLAGS = "";
			};
			name = Default;
		};
		0FF6670F096B494E00E9E0B4 /* Development */ = {
			isa = XCBuildConfiguration;
			buildSettings = {
			};
			name = Development;
		};
		0FF66710096B494E00E9E0B4 /* Deployment */ = {
			isa = XCBuildConfiguration;
			buildSettings = {
			};
			name = Deployment;
		};
		0FF66711096B494E00E9E0B4 /* Default */ = {
			isa = XCBuildConfiguration;
			buildSettings = {
			};
			name = Default;
		};
		B8998A4511CECDFB0028A17C /* Development */ = {
			isa = XCBuildConfiguration;
			baseConfigurationReference = B8F41BDD10ED39E400C577DA /* AH_MaxMSP4.xcconfig */;
			buildSettings = {
				COPY_PHASE_STRIP = NO;
				DEBUGGING_SYMBOLS = YES;
				DEPLOYMENT_LOCATION = NO;
				DSTROOT = "$(PROJECT_DIR)";
				FRAMEWORK_SEARCH_PATHS_QUOTED_1 = "\"$(SRCROOT)/../../Max4_support/c74support/max-includes\"";
				FRAMEWORK_SEARCH_PATHS_QUOTED_FOR_TARGET_1 = "\"$(SRCROOT)/../../Max4_support/c74support/msp-includes\"";
				GCC_DYNAMIC_NO_PIC = NO;
				GCC_ENABLE_FIX_AND_CONTINUE = YES;
				GCC_ENABLE_TRIGRAPHS = NO;
				GCC_GENERATE_DEBUGGING_SYMBOLS = YES;
				GCC_OPTIMIZATION_LEVEL = 0;
				GCC_PRECOMPILE_PREFIX_HEADER = YES;
				GCC_WARN_ABOUT_MISSING_PROTOTYPES = NO;
				GCC_WARN_EFFECTIVE_CPLUSPLUS_VIOLATIONS = YES;
				GCC_WARN_FOUR_CHARACTER_CONSTANTS = NO;
				GCC_WARN_UNKNOWN_PRAGMAS = NO;
				INSTALL_PATH = "/../../../sysbuild/$(CONFIGURATION)/Cycling '74/externals";
				OTHER_CFLAGS = "";
				OTHER_LDFLAGS = "";
				OTHER_REZFLAGS = "";
				SECTORDER_FLAGS = "";
				ZERO_LINK = YES;
			};
			name = Development;
		};
		B8998A4611CECDFB0028A17C /* Deployment */ = {
			isa = XCBuildConfiguration;
			baseConfigurationReference = B8F41BDD10ED39E400C577DA /* AH_MaxMSP4.xcconfig */;
			buildSettings = {
				ARCHS = (
					ppc,
					i386,
				);
				COPY_PHASE_STRIP = YES;
				DEPLOYMENT_LOCATION = NO;
				DSTROOT = "$(PROJECT_DIR)";
				FRAMEWORK_SEARCH_PATHS_QUOTED_FOR_TARGET_1 = "\"$(SRCROOT)/../../Max4_support/c74support/msp-includes\"";
				FRAMEWORK_SEARCH_PATHS_QUOTED_FOR_TARGET_2 = "\"$(SRCROOT)/../../Max4_support/c74support/max-includes\"";
				GCC_ENABLE_FIX_AND_CONTINUE = NO;
				GCC_ENABLE_TRIGRAPHS = NO;
				GCC_GENERATE_DEBUGGING_SYMBOLS = NO;
				GCC_PRECOMPILE_PREFIX_HEADER = YES;
				GCC_WARN_ABOUT_MISSING_PROTOTYPES = NO;
				GCC_WARN_EFFECTIVE_CPLUSPLUS_VIOLATIONS = YES;
				GCC_WARN_FOUR_CHARACTER_CONSTANTS = NO;
				GCC_WARN_UNKNOWN_PRAGMAS = NO;
				INSTALL_PATH = "/../../../sysbuild/$(CONFIGURATION)/Cycling '74/externals";
				OTHER_CFLAGS = "";
				OTHER_LDFLAGS = "";
				OTHER_REZFLAGS = "";
				SECTORDER_FLAGS = "";
				ZERO_LINK = NO;
			};
			name = Deployment;
		};
		B8998A4711CECDFB0028A17C /* Default */ = {
			isa = XCBuildConfiguration;
			baseConfigurationReference = B8F41BDD10ED39E400C577DA /* AH_MaxMSP4.xcconfig */;
			buildSettings = {
				DEPLOYMENT_LOCATION = NO;
				DSTROOT = "$(PROJECT_DIR)";
				FRAMEWORK_SEARCH_PATHS_QUOTED_1 = "\"$(SRCROOT)/../../Max4_support/c74support/max-includes\"";
				FRAMEWORK_SEARCH_PATHS_QUOTED_FOR_TARGET_1 = "\"$(SRCROOT)/../../Max4_support/c74support/msp-includes\"";
				GCC_ENABLE_TRIGRAPHS = NO;
				GCC_GENERATE_DEBUGGING_SYMBOLS = NO;
				GCC_PRECOMPILE_PREFIX_HEADER = YES;
				GCC_WARN_ABOUT_MISSING_PROTOTYPES = NO;
				GCC_WARN_EFFECTIVE_CPLUSPLUS_VIOLATIONS = YES;
				GCC_WARN_FOUR_CHARACTER_CONSTANTS = NO;
				GCC_WARN_UNKNOWN_PRAGMAS = NO;
				INSTALL_PATH = "/../../../sysbuild/$(CONFIGURATION)/Cycling '74/externals";
				OTHER_CFLAGS = "";
				OTHER_LDFLAGS = "";
				OTHER_REZFLAGS = "";
				SECTORDER_FLAGS = "";
			};
			name = Default;
		};
		B8C3050B12606AE500226E73 /* Development */ = {
			isa = XCBuildConfiguration;
			buildSettings = {
				COPY_PHASE_STRIP = NO;
				GCC_DYNAMIC_NO_PIC = NO;
				GCC_OPTIMIZATION_LEVEL = 0;
				PRODUCT_NAME = Both;
			};
			name = Development;
		};
		B8C3050C12606AE500226E73 /* Deployment */ = {
			isa = XCBuildConfiguration;
			buildSettings = {
				COPY_PHASE_STRIP = YES;
				DEBUG_INFORMATION_FORMAT = "dwarf-with-dsym";
				GCC_ENABLE_FIX_AND_CONTINUE = NO;
				PRODUCT_NAME = Both;
				ZERO_LINK = NO;
			};
			name = Deployment;
		};
		B8C3050D12606AE500226E73 /* Default */ = {
			isa = XCBuildConfiguration;
			buildSettings = {
				PRODUCT_NAME = Both;
			};
			name = Default;
		};
/* End XCBuildConfiguration section */

/* Begin XCConfigurationList section */
		0FF6670A096B494E00E9E0B4 /* Build configuration list for PBXNativeTarget "entrymatcher" */ = {
			isa = XCConfigurationList;
			buildConfigurations = (
				0FF6670B096B494E00E9E0B4 /* Development */,
				0FF6670C096B494E00E9E0B4 /* Deployment */,
				0FF6670D096B494E00E9E0B4 /* Default */,
			);
			defaultConfigurationIsVisible = 0;
			defaultConfigurationName = Default;
		};
		0FF6670E096B494E00E9E0B4 /* Build configuration list for PBXProject "entrymatcher" */ = {
			isa = XCConfigurationList;
			buildConfigurations = (
				0FF6670F096B494E00E9E0B4 /* Development */,
				0FF66710096B494E00E9E0B4 /* Deployment */,
				0FF66711096B494E00E9E0B4 /* Default */,
			);
			defaultConfigurationIsVisible = 0;
			defaultConfigurationName = Default;
		};
		B8998A4411CECDFB0028A17C /* Build configuration list for PBXNativeTarget "entrymatcher~" */ = {
			isa = XCConfigurationList;
			buildConfigurations = (
				B8998A4511CECDFB0028A17C /* Development */,
				B8998A4611CECDFB0028A17C /* Deployment */,
				B8998A4711CECDFB0028A17C /* Default */,
			);
			defaultConfigurationIsVisible = 0;
			defaultConfigurationName = Default;
		};
		B8C3052B12606B0C00226E73 /* Build configuration list for PBXAggregateTarget "Both" */ = {
			isa = XCConfigurationList;
			buildConfigurations = (
				B8C3050B12606AE500226E73 /* Development */,
				B8C3050C12606AE500226E73 /* Deployment */,
				B8C3050D12606AE500226E73 /* Default */,
			);
			defaultConfigurationIsVisible = 0;
			defaultConfigurationName = Default;
		};
/* End XCConfigurationList section */
	};
	rootObject = 089C1669FE841209C02AAC07 /* Project object */;
}
