// !$*UTF8*$!
{
	archiveVersion = 1;
	classes = {
	};
	objectVersion = 42;
	objects = {

/* Begin PBXAggregateTarget section */
		B8C2E6B111C3984600A7E297 /* valconvert objects */ = {
			isa = PBXAggregateTarget;
			buildConfigurationList = B8C2E6BB11C3984900A7E297 /* Build configuration list for PBXAggregateTarget "valconvert objects" */;
			buildPhases = (
			);
			dependencies = (
				B8C2E6BD11C3989100A7E297 /* PBXTargetDependency */,
				B8C2E6BF11C3989200A7E297 /* PBXTargetDependency */,
			);
			name = "valconvert objects";
			productName = "max and msp valconvert";
		};
/* End PBXAggregateTarget section */

/* Begin PBXBuildFile section */
		8D01CCCE0486CAD60068D4B7 /* Carbon.framework in Frameworks */ = {isa = PBXBuildFile; fileRef = 08EA7FFBFE8413EDC02AAC07 /* Carbon.framework */; };
		B1A2C25E0A4C272200236386 /* valconvert.c in Sources */ = {isa = PBXBuildFile; fileRef = B1A2C25D0A4C272200236386 /* valconvert.c */; };
		B893F7E011F8600E004F6BC0 /* Accelerate.framework in Frameworks */ = {isa = PBXBuildFile; fileRef = B893F7DF11F8600E004F6BC0 /* Accelerate.framework */; };
		B8C2E6A011C397E100A7E297 /* valconvert.c in Sources */ = {isa = PBXBuildFile; fileRef = B1A2C25D0A4C272200236386 /* valconvert.c */; };
		B8C2E6A211C397E100A7E297 /* Carbon.framework in Frameworks */ = {isa = PBXBuildFile; fileRef = 08EA7FFBFE8413EDC02AAC07 /* Carbon.framework */; };
/* End PBXBuildFile section */

/* Begin PBXContainerItemProxy section */
		B8C2E6BC11C3989100A7E297 /* PBXContainerItemProxy */ = {
			isa = PBXContainerItemProxy;
			containerPortal = 089C1669FE841209C02AAC07 /* Project object */;
			proxyType = 1;
			remoteGlobalIDString = 8D01CCC60486CAD60068D4B7;
			remoteInfo = valconvert;
		};
		B8C2E6BE11C3989200A7E297 /* PBXContainerItemProxy */ = {
			isa = PBXContainerItemProxy;
			containerPortal = 089C1669FE841209C02AAC07 /* Project object */;
			proxyType = 1;
			remoteGlobalIDString = B8C2E69C11C397E100A7E297;
			remoteInfo = "valconvert~";
		};
/* End PBXContainerItemProxy section */

/* Begin PBXFileReference section */
		08EA7FFBFE8413EDC02AAC07 /* Carbon.framework */ = {isa = PBXFileReference; lastKnownFileType = wrapper.framework; name = Carbon.framework; path = /System/Library/Frameworks/Carbon.framework; sourceTree = "<absolute>"; };
		B11F57FF0A65139E0000A79B /* valconvert.mxo */ = {isa = PBXFileReference; explicitFileType = wrapper.cfbundle; includeInIndex = 0; path = valconvert.mxo; sourceTree = BUILT_PRODUCTS_DIR; };
		B1A2C25D0A4C272200236386 /* valconvert.c */ = {isa = PBXFileReference; fileEncoding = 30; lastKnownFileType = sourcecode.c.c; path = valconvert.c; sourceTree = "<group>"; };
		B893F7DF11F8600E004F6BC0 /* Accelerate.framework */ = {isa = PBXFileReference; lastKnownFileType = wrapper.framework; name = Accelerate.framework; path = /System/Library/Frameworks/Accelerate.framework; sourceTree = "<absolute>"; };
		B8A34C7719A77A08000A4FD4 /* Config_AHarker_Externals.xcconfig */ = {isa = PBXFileReference; lastKnownFileType = text.xcconfig; name = Config_AHarker_Externals.xcconfig; path = ../../Config_AHarker_Externals.xcconfig; sourceTree = "<group>"; };
		B8C2E6AA11C397E100A7E297 /* valconvert~.mxo */ = {isa = PBXFileReference; explicitFileType = wrapper.cfbundle; includeInIndex = 0; path = "valconvert~.mxo"; sourceTree = BUILT_PRODUCTS_DIR; };
/* End PBXFileReference section */

/* Begin PBXFrameworksBuildPhase section */
		8D01CCCD0486CAD60068D4B7 /* Frameworks */ = {
			isa = PBXFrameworksBuildPhase;
			buildActionMask = 2147483647;
			files = (
				8D01CCCE0486CAD60068D4B7 /* Carbon.framework in Frameworks */,
			);
			runOnlyForDeploymentPostprocessing = 0;
		};
		B8C2E6A111C397E100A7E297 /* Frameworks */ = {
			isa = PBXFrameworksBuildPhase;
			buildActionMask = 2147483647;
			files = (
				B8C2E6A211C397E100A7E297 /* Carbon.framework in Frameworks */,
				B893F7E011F8600E004F6BC0 /* Accelerate.framework in Frameworks */,
			);
			runOnlyForDeploymentPostprocessing = 0;
		};
/* End PBXFrameworksBuildPhase section */

/* Begin PBXGroup section */
		089C166AFE841209C02AAC07 /* maximum */ = {
			isa = PBXGroup;
			children = (
				B8A34C7719A77A08000A4FD4 /* Config_AHarker_Externals.xcconfig */,
				08FB77ADFE841716C02AAC07 /* Source */,
				089C167CFE841241C02AAC07 /* Resources */,
				089C1671FE841209C02AAC07 /* External Frameworks and Libraries */,
				19C28FB4FE9D528D11CA2CBB /* Products */,
			);
			name = maximum;
			sourceTree = "<group>";
		};
		089C1671FE841209C02AAC07 /* External Frameworks and Libraries */ = {
			isa = PBXGroup;
			children = (
				B893F7DF11F8600E004F6BC0 /* Accelerate.framework */,
				08EA7FFBFE8413EDC02AAC07 /* Carbon.framework */,
			);
			name = "External Frameworks and Libraries";
			sourceTree = "<group>";
		};
		089C167CFE841241C02AAC07 /* Resources */ = {
			isa = PBXGroup;
			children = (
			);
			name = Resources;
			sourceTree = "<group>";
		};
		08FB77ADFE841716C02AAC07 /* Source */ = {
			isa = PBXGroup;
			children = (
				B1A2C25D0A4C272200236386 /* valconvert.c */,
			);
			name = Source;
			sourceTree = "<group>";
		};
		19C28FB4FE9D528D11CA2CBB /* Products */ = {
			isa = PBXGroup;
			children = (
				B11F57FF0A65139E0000A79B /* valconvert.mxo */,
				B8C2E6AA11C397E100A7E297 /* valconvert~.mxo */,
			);
			name = Products;
			sourceTree = "<group>";
		};
/* End PBXGroup section */

/* Begin PBXHeadersBuildPhase section */
		8D01CCC70486CAD60068D4B7 /* Headers */ = {
			isa = PBXHeadersBuildPhase;
			buildActionMask = 2147483647;
			files = (
			);
			runOnlyForDeploymentPostprocessing = 0;
		};
		B8C2E69D11C397E100A7E297 /* Headers */ = {
			isa = PBXHeadersBuildPhase;
			buildActionMask = 2147483647;
			files = (
			);
			runOnlyForDeploymentPostprocessing = 0;
		};
/* End PBXHeadersBuildPhase section */

/* Begin PBXNativeTarget section */
		8D01CCC60486CAD60068D4B7 /* valconvert */ = {
			isa = PBXNativeTarget;
			buildConfigurationList = 0FF6670A096B494E00E9E0B4 /* Build configuration list for PBXNativeTarget "valconvert" */;
			buildPhases = (
				8D01CCC70486CAD60068D4B7 /* Headers */,
				8D01CCC90486CAD60068D4B7 /* Resources */,
				8D01CCCB0486CAD60068D4B7 /* Sources */,
				8D01CCCD0486CAD60068D4B7 /* Frameworks */,
				8D01CCCF0486CAD60068D4B7 /* Rez */,
			);
			buildRules = (
			);
			dependencies = (
			);
			name = valconvert;
			productInstallPath = "$(HOME)/Library/Bundles";
			productName = MaxExternal;
			productReference = B11F57FF0A65139E0000A79B /* valconvert.mxo */;
			productType = "com.apple.product-type.bundle";
		};
		B8C2E69C11C397E100A7E297 /* valconvert~ */ = {
			isa = PBXNativeTarget;
			buildConfigurationList = B8C2E6A611C397E100A7E297 /* Build configuration list for PBXNativeTarget "valconvert~" */;
			buildPhases = (
				B8C2E69D11C397E100A7E297 /* Headers */,
				B8C2E69E11C397E100A7E297 /* Resources */,
				B8C2E69F11C397E100A7E297 /* Sources */,
				B8C2E6A111C397E100A7E297 /* Frameworks */,
				B8C2E6A511C397E100A7E297 /* Rez */,
			);
			buildRules = (
			);
			dependencies = (
			);
			name = "valconvert~";
			productInstallPath = "$(HOME)/Library/Bundles";
			productName = MaxExternal;
			productReference = B8C2E6AA11C397E100A7E297 /* valconvert~.mxo */;
			productType = "com.apple.product-type.bundle";
		};
/* End PBXNativeTarget section */

/* Begin PBXProject section */
		089C1669FE841209C02AAC07 /* Project object */ = {
			isa = PBXProject;
			attributes = {
			};
			buildConfigurationList = 0FF6670E096B494E00E9E0B4 /* Build configuration list for PBXProject "valconvert" */;
			compatibilityVersion = "Xcode 2.4";
			developmentRegion = English;
			hasScannedForEncodings = 1;
			knownRegions = (
				English,
				Japanese,
				French,
				German,
			);
			mainGroup = 089C166AFE841209C02AAC07 /* maximum */;
			projectDirPath = "";
			projectRoot = "";
			targets = (
				8D01CCC60486CAD60068D4B7 /* valconvert */,
				B8C2E69C11C397E100A7E297 /* valconvert~ */,
				B8C2E6B111C3984600A7E297 /* valconvert objects */,
			);
		};
/* End PBXProject section */

/* Begin PBXResourcesBuildPhase section */
		8D01CCC90486CAD60068D4B7 /* Resources */ = {
			isa = PBXResourcesBuildPhase;
			buildActionMask = 2147483647;
			files = (
			);
			runOnlyForDeploymentPostprocessing = 0;
		};
		B8C2E69E11C397E100A7E297 /* Resources */ = {
			isa = PBXResourcesBuildPhase;
			buildActionMask = 2147483647;
			files = (
			);
			runOnlyForDeploymentPostprocessing = 0;
		};
/* End PBXResourcesBuildPhase section */

/* Begin PBXRezBuildPhase section */
		8D01CCCF0486CAD60068D4B7 /* Rez */ = {
			isa = PBXRezBuildPhase;
			buildActionMask = 2147483647;
			files = (
			);
			runOnlyForDeploymentPostprocessing = 0;
		};
		B8C2E6A511C397E100A7E297 /* Rez */ = {
			isa = PBXRezBuildPhase;
			buildActionMask = 2147483647;
			files = (
			);
			runOnlyForDeploymentPostprocessing = 0;
		};
/* End PBXRezBuildPhase section */

/* Begin PBXSourcesBuildPhase section */
		8D01CCCB0486CAD60068D4B7 /* Sources */ = {
			isa = PBXSourcesBuildPhase;
			buildActionMask = 2147483647;
			files = (
				B1A2C25E0A4C272200236386 /* valconvert.c in Sources */,
			);
			runOnlyForDeploymentPostprocessing = 0;
		};
		B8C2E69F11C397E100A7E297 /* Sources */ = {
			isa = PBXSourcesBuildPhase;
			buildActionMask = 2147483647;
			files = (
				B8C2E6A011C397E100A7E297 /* valconvert.c in Sources */,
			);
			runOnlyForDeploymentPostprocessing = 0;
		};
/* End PBXSourcesBuildPhase section */

/* Begin PBXTargetDependency section */
		B8C2E6BD11C3989100A7E297 /* PBXTargetDependency */ = {
			isa = PBXTargetDependency;
			target = 8D01CCC60486CAD60068D4B7 /* valconvert */;
			targetProxy = B8C2E6BC11C3989100A7E297 /* PBXContainerItemProxy */;
		};
		B8C2E6BF11C3989200A7E297 /* PBXTargetDependency */ = {
			isa = PBXTargetDependency;
			target = B8C2E69C11C397E100A7E297 /* valconvert~ */;
			targetProxy = B8C2E6BE11C3989200A7E297 /* PBXContainerItemProxy */;
		};
/* End PBXTargetDependency section */

/* Begin XCBuildConfiguration section */
		0FF6670B096B494E00E9E0B4 /* Development */ = {
			isa = XCBuildConfiguration;
			buildSettings = {
				GCC_ENABLE_FIX_AND_CONTINUE = YES;
				GCC_GENERATE_DEBUGGING_SYMBOLS = YES;
				GCC_OPTIMIZATION_LEVEL = 0;
			};
			name = Development;
		};
		0FF6670C096B494E00E9E0B4 /* Deployment */ = {
			isa = XCBuildConfiguration;
			buildSettings = {
				GCC_ENABLE_FIX_AND_CONTINUE = NO;
				GCC_GENERATE_DEBUGGING_SYMBOLS = NO;
			};
			name = Deployment;
		};
		0FF6670D096B494E00E9E0B4 /* Default */ = {
			isa = XCBuildConfiguration;
			buildSettings = {
				GCC_GENERATE_DEBUGGING_SYMBOLS = NO;
			};
			name = Default;
		};
		0FF6670F096B494E00E9E0B4 /* Development */ = {
			isa = XCBuildConfiguration;
			baseConfigurationReference = B8A34C7719A77A08000A4FD4 /* Config_AHarker_Externals.xcconfig */;
			buildSettings = {
			};
			name = Development;
		};
		0FF66710096B494E00E9E0B4 /* Deployment */ = {
			isa = XCBuildConfiguration;
			baseConfigurationReference = B8A34C7719A77A08000A4FD4 /* Config_AHarker_Externals.xcconfig */;
			buildSettings = {
			};
			name = Deployment;
		};
		0FF66711096B494E00E9E0B4 /* Default */ = {
			isa = XCBuildConfiguration;
			baseConfigurationReference = B8A34C7719A77A08000A4FD4 /* Config_AHarker_Externals.xcconfig */;
			buildSettings = {
			};
			name = Default;
		};
		B8C2E6A711C397E100A7E297 /* Development */ = {
			isa = XCBuildConfiguration;
			buildSettings = {
				GCC_ENABLE_FIX_AND_CONTINUE = YES;
				GCC_GENERATE_DEBUGGING_SYMBOLS = YES;
				GCC_OPTIMIZATION_LEVEL = 0;
				GCC_PREFIX_HEADER = "$(SRCROOT)/../../AH_MaxMSP_Headers/AH_MSP_Version.pch";
			};
			name = Development;
		};
		B8C2E6A811C397E100A7E297 /* Deployment */ = {
			isa = XCBuildConfiguration;
			buildSettings = {
				GCC_ENABLE_FIX_AND_CONTINUE = NO;
				GCC_GENERATE_DEBUGGING_SYMBOLS = NO;
				GCC_PREFIX_HEADER = "$(SRCROOT)/../../AH_MaxMSP_Headers/AH_MSP_Version.pch";
			};
			name = Deployment;
		};
		B8C2E6A911C397E100A7E297 /* Default */ = {
			isa = XCBuildConfiguration;
			buildSettings = {
				GCC_GENERATE_DEBUGGING_SYMBOLS = NO;
				GCC_PREFIX_HEADER = "$(SRCROOT)/../../AH_MaxMSP_Headers/AH_MSP_Version.pch";
			};
			name = Default;
		};
		B8C2E6B211C3984600A7E297 /* Development */ = {
			isa = XCBuildConfiguration;
			buildSettings = {
				PRODUCT_NAME = "max and msp valconvert";
			};
			name = Development;
		};
		B8C2E6B311C3984600A7E297 /* Deployment */ = {
			isa = XCBuildConfiguration;
			buildSettings = {
				GCC_ENABLE_FIX_AND_CONTINUE = NO;
				PRODUCT_NAME = "max and msp valconvert";
			};
			name = Deployment;
		};
		B8C2E6B411C3984600A7E297 /* Default */ = {
			isa = XCBuildConfiguration;
			buildSettings = {
				PRODUCT_NAME = "max and msp valconvert";
			};
			name = Default;
		};
/* End XCBuildConfiguration section */

/* Begin XCConfigurationList section */
		0FF6670A096B494E00E9E0B4 /* Build configuration list for PBXNativeTarget "valconvert" */ = {
			isa = XCConfigurationList;
			buildConfigurations = (
				0FF6670B096B494E00E9E0B4 /* Development */,
				0FF6670C096B494E00E9E0B4 /* Deployment */,
				0FF6670D096B494E00E9E0B4 /* Default */,
			);
			defaultConfigurationIsVisible = 0;
			defaultConfigurationName = Default;
		};
		0FF6670E096B494E00E9E0B4 /* Build configuration list for PBXProject "valconvert" */ = {
			isa = XCConfigurationList;
			buildConfigurations = (
				0FF6670F096B494E00E9E0B4 /* Development */,
				0FF66710096B494E00E9E0B4 /* Deployment */,
				0FF66711096B494E00E9E0B4 /* Default */,
			);
			defaultConfigurationIsVisible = 0;
			defaultConfigurationName = Default;
		};
		B8C2E6A611C397E100A7E297 /* Build configuration list for PBXNativeTarget "valconvert~" */ = {
			isa = XCConfigurationList;
			buildConfigurations = (
				B8C2E6A711C397E100A7E297 /* Development */,
				B8C2E6A811C397E100A7E297 /* Deployment */,
				B8C2E6A911C397E100A7E297 /* Default */,
			);
			defaultConfigurationIsVisible = 0;
			defaultConfigurationName = Default;
		};
		B8C2E6BB11C3984900A7E297 /* Build configuration list for PBXAggregateTarget "valconvert objects" */ = {
			isa = XCConfigurationList;
			buildConfigurations = (
				B8C2E6B211C3984600A7E297 /* Development */,
				B8C2E6B311C3984600A7E297 /* Deployment */,
				B8C2E6B411C3984600A7E297 /* Default */,
			);
			defaultConfigurationIsVisible = 0;
			defaultConfigurationName = Default;
		};
/* End XCConfigurationList section */
	};
	rootObject = 089C1669FE841209C02AAC07 /* Project object */;
}
