// !$*UTF8*$!
{
	archiveVersion = 1;
	classes = {
	};
	objectVersion = 46;
	objects = {

/* Begin PBXAggregateTarget section */
		B8ECA0590F0A57F800B26D31 /* dynamic objects */ = {
			isa = PBXAggregateTarget;
			buildConfigurationList = B8ECA0710F0A586200B26D31 /* Build configuration list for PBXAggregateTarget "dynamic objects" */;
			buildPhases = (
			);
			dependencies = (
				B8B56CF51465F01200FE85B0 /* PBXTargetDependency */,
				B8E8E8EB1091FC7B00A3FF7C /* PBXTargetDependency */,
				B8ECA05D0F0A580100B26D31 /* PBXTargetDependency */,
				B8EC17B91083729E00316C82 /* PBXTargetDependency */,
				B8ECA05F0F0A580100B26D31 /* PBXTargetDependency */,
				B8ECA0610F0A580100B26D31 /* PBXTargetDependency */,
				B803278811CCFC79009E69AD /* PBXTargetDependency */,
			);
			name = "dynamic objects";
			productName = "Dynamic Suite";
		};
/* End PBXAggregateTarget section */

/* Begin PBXBuildFile section */
		8D01CCCE0486CAD60068D4B7 /* Carbon.framework in Frameworks */ = {isa = PBXBuildFile; fileRef = 08EA7FFBFE8413EDC02AAC07 /* Carbon.framework */; };
		B803276E11CCFC69009E69AD /* Carbon.framework in Frameworks */ = {isa = PBXBuildFile; fileRef = 08EA7FFBFE8413EDC02AAC07 /* Carbon.framework */; };
		B803276F11CCFC69009E69AD /* Accelerate.framework in Frameworks */ = {isa = PBXBuildFile; fileRef = B8D6A6830ED6379E007C648E /* Accelerate.framework */; };
		B803279911CCFCB3009E69AD /* dynamic.request~.c in Sources */ = {isa = PBXBuildFile; fileRef = B803279811CCFCB3009E69AD /* dynamic.request~.c */; };
		B85B63AE1CC4236600381391 /* ThreadSlot.h in Headers */ = {isa = PBXBuildFile; fileRef = B85B63AC1CC4236600381391 /* ThreadSlot.h */; };
		B8600FB412C22A6500864B9B /* Carbon.framework in Frameworks */ = {isa = PBXBuildFile; fileRef = 08EA7FFBFE8413EDC02AAC07 /* Carbon.framework */; };
		B8600FB512C22A6500864B9B /* Accelerate.framework in Frameworks */ = {isa = PBXBuildFile; fileRef = B8D6A6830ED6379E007C648E /* Accelerate.framework */; };
		B872839A1CC39A5100A1C38E /* PatchSet.h in Headers */ = {isa = PBXBuildFile; fileRef = B87283981CC39A5100A1C38E /* PatchSet.h */; };
		B8C35FAC19FA5B5200C04C8D /* dynamicdsp~.cpp in Sources */ = {isa = PBXBuildFile; fileRef = B81B30B40D038BA600D03560 /* dynamicdsp~.cpp */; };
		B8C35FAE19FA5F0C00C04C8D /* dynamicserial~.cpp in Sources */ = {isa = PBXBuildFile; fileRef = B8600FEA12C22C6700864B9B /* dynamicserial~.cpp */; };
		B8CD5C0E1CC2989200CE262E /* PatchSlot.cpp in Sources */ = {isa = PBXBuildFile; fileRef = B8CD5C0C1CC2989200CE262E /* PatchSlot.cpp */; };
		B8CD5C0F1CC2989200CE262E /* PatchSlot.cpp in Sources */ = {isa = PBXBuildFile; fileRef = B8CD5C0C1CC2989200CE262E /* PatchSlot.cpp */; };
		B8CD5C101CC2989200CE262E /* PatchSlot.h in Headers */ = {isa = PBXBuildFile; fileRef = B8CD5C0D1CC2989200CE262E /* PatchSlot.h */; };
		B8CD5C111CC2989200CE262E /* PatchSlot.h in Headers */ = {isa = PBXBuildFile; fileRef = B8CD5C0D1CC2989200CE262E /* PatchSlot.h */; };
		B8D6A6840ED6379E007C648E /* Accelerate.framework in Frameworks */ = {isa = PBXBuildFile; fileRef = B8D6A6830ED6379E007C648E /* Accelerate.framework */; };
		B8EC176510836C3600316C82 /* Carbon.framework in Frameworks */ = {isa = PBXBuildFile; fileRef = 08EA7FFBFE8413EDC02AAC07 /* Carbon.framework */; };
		B8EC176610836C3600316C82 /* Accelerate.framework in Frameworks */ = {isa = PBXBuildFile; fileRef = B8D6A6830ED6379E007C648E /* Accelerate.framework */; };
		B8EC17B51083727C00316C82 /* dynamic.this~.c in Sources */ = {isa = PBXBuildFile; fileRef = B8EC17B31083727700316C82 /* dynamic.this~.c */; };
		B8ECA0210F0A578000B26D31 /* Carbon.framework in Frameworks */ = {isa = PBXBuildFile; fileRef = 08EA7FFBFE8413EDC02AAC07 /* Carbon.framework */; };
		B8ECA0240F0A578000B26D31 /* Accelerate.framework in Frameworks */ = {isa = PBXBuildFile; fileRef = B8D6A6830ED6379E007C648E /* Accelerate.framework */; };
		B8ECA0320F0A578900B26D31 /* Carbon.framework in Frameworks */ = {isa = PBXBuildFile; fileRef = 08EA7FFBFE8413EDC02AAC07 /* Carbon.framework */; };
		B8ECA0350F0A578900B26D31 /* Accelerate.framework in Frameworks */ = {isa = PBXBuildFile; fileRef = B8D6A6830ED6379E007C648E /* Accelerate.framework */; };
		B8ECA0450F0A57A800B26D31 /* Carbon.framework in Frameworks */ = {isa = PBXBuildFile; fileRef = 08EA7FFBFE8413EDC02AAC07 /* Carbon.framework */; };
		B8ECA0480F0A57A800B26D31 /* Accelerate.framework in Frameworks */ = {isa = PBXBuildFile; fileRef = B8D6A6830ED6379E007C648E /* Accelerate.framework */; };
		B8ECA0640F0A580C00B26D31 /* dynamic.patch~.c in Sources */ = {isa = PBXBuildFile; fileRef = B8ECA0170F0A577100B26D31 /* dynamic.patch~.c */; };
		B8ECA0650F0A581C00B26D31 /* dynamic.in~.c in Sources */ = {isa = PBXBuildFile; fileRef = B8ECA0150F0A577100B26D31 /* dynamic.in~.c */; };
		B8ECA0660F0A582D00B26D31 /* dynamic.out~.c in Sources */ = {isa = PBXBuildFile; fileRef = B8ECA0160F0A577100B26D31 /* dynamic.out~.c */; };
/* End PBXBuildFile section */

/* Begin PBXContainerItemProxy section */
		B803278711CCFC79009E69AD /* PBXContainerItemProxy */ = {
			isa = PBXContainerItemProxy;
			containerPortal = 089C1669FE841209C02AAC07 /* Project object */;
			proxyType = 1;
			remoteGlobalIDString = B803276811CCFC69009E69AD;
			remoteInfo = "dynamic.in~ copy";
		};
		B8B56CF41465F01200FE85B0 /* PBXContainerItemProxy */ = {
			isa = PBXContainerItemProxy;
			containerPortal = 089C1669FE841209C02AAC07 /* Project object */;
			proxyType = 1;
			remoteGlobalIDString = B8600FA812C22A6500864B9B;
			remoteInfo = "dynamicserial~";
		};
		B8E8E8EA1091FC7B00A3FF7C /* PBXContainerItemProxy */ = {
			isa = PBXContainerItemProxy;
			containerPortal = 089C1669FE841209C02AAC07 /* Project object */;
			proxyType = 1;
			remoteGlobalIDString = 8D01CCC60486CAD60068D4B7;
			remoteInfo = "DynamicDSP~";
		};
		B8EC17B81083729E00316C82 /* PBXContainerItemProxy */ = {
			isa = PBXContainerItemProxy;
			containerPortal = 089C1669FE841209C02AAC07 /* Project object */;
			proxyType = 1;
			remoteGlobalIDString = B8EC175E10836C3600316C82;
			remoteInfo = "Dynamic.This~";
		};
		B8ECA05C0F0A580100B26D31 /* PBXContainerItemProxy */ = {
			isa = PBXContainerItemProxy;
			containerPortal = 089C1669FE841209C02AAC07 /* Project object */;
			proxyType = 1;
			remoteGlobalIDString = B8ECA01B0F0A578000B26D31;
			remoteInfo = "DynamicPatch~";
		};
		B8ECA05E0F0A580100B26D31 /* PBXContainerItemProxy */ = {
			isa = PBXContainerItemProxy;
			containerPortal = 089C1669FE841209C02AAC07 /* Project object */;
			proxyType = 1;
			remoteGlobalIDString = B8ECA02C0F0A578900B26D31;
			remoteInfo = "DynamicIn~";
		};
		B8ECA0600F0A580100B26D31 /* PBXContainerItemProxy */ = {
			isa = PBXContainerItemProxy;
			containerPortal = 089C1669FE841209C02AAC07 /* Project object */;
			proxyType = 1;
			remoteGlobalIDString = B8ECA03F0F0A57A800B26D31;
			remoteInfo = "DynamicOut~";
		};
/* End PBXContainerItemProxy section */

/* Begin PBXFileReference section */
		08EA7FFBFE8413EDC02AAC07 /* Carbon.framework */ = {isa = PBXFileReference; lastKnownFileType = wrapper.framework; name = Carbon.framework; path = /System/Library/Frameworks/Carbon.framework; sourceTree = "<absolute>"; };
		B1D995FF0A4BA74D00CE1530 /* dynamicdsp~.mxo */ = {isa = PBXFileReference; explicitFileType = wrapper.cfbundle; includeInIndex = 0; path = "dynamicdsp~.mxo"; sourceTree = BUILT_PRODUCTS_DIR; };
		B803277711CCFC69009E69AD /* dynamic.request~.mxo */ = {isa = PBXFileReference; explicitFileType = wrapper.cfbundle; includeInIndex = 0; path = "dynamic.request~.mxo"; sourceTree = BUILT_PRODUCTS_DIR; };
		B803279811CCFCB3009E69AD /* dynamic.request~.c */ = {isa = PBXFileReference; fileEncoding = 4; lastKnownFileType = sourcecode.c.c; path = "dynamic.request~.c"; sourceTree = "<group>"; };
		B81B30B40D038BA600D03560 /* dynamicdsp~.cpp */ = {isa = PBXFileReference; fileEncoding = 4; lastKnownFileType = sourcecode.cpp.cpp; path = "dynamicdsp~.cpp"; sourceTree = "<group>"; };
		B85B63AB1CC4236600381391 /* ThreadSlot.cpp */ = {isa = PBXFileReference; fileEncoding = 4; lastKnownFileType = sourcecode.cpp.cpp; path = ThreadSlot.cpp; sourceTree = "<group>"; };
		B85B63AC1CC4236600381391 /* ThreadSlot.h */ = {isa = PBXFileReference; fileEncoding = 4; lastKnownFileType = sourcecode.c.h; path = ThreadSlot.h; sourceTree = "<group>"; };
		B8600FBC12C22A6500864B9B /* dynamicserial~.mxo */ = {isa = PBXFileReference; explicitFileType = wrapper.cfbundle; includeInIndex = 0; path = "dynamicserial~.mxo"; sourceTree = BUILT_PRODUCTS_DIR; };
		B8600FEA12C22C6700864B9B /* dynamicserial~.cpp */ = {isa = PBXFileReference; fileEncoding = 4; lastKnownFileType = sourcecode.cpp.cpp; path = "dynamicserial~.cpp"; sourceTree = "<group>"; };
		B87283961CC38D2D00A1C38E /* dynamicdsp~.h */ = {isa = PBXFileReference; lastKnownFileType = sourcecode.c.h; name = "dynamicdsp~.h"; path = "../../AH_MaxMSP_Headers/dynamicdsp~.h"; sourceTree = "<group>"; };
		B87283981CC39A5100A1C38E /* PatchSet.h */ = {isa = PBXFileReference; fileEncoding = 4; lastKnownFileType = sourcecode.c.h; path = PatchSet.h; sourceTree = "<group>"; };
		B8C35FAF19FA65A000C04C8D /* Config_AHarker_Externals.xcconfig */ = {isa = PBXFileReference; lastKnownFileType = text.xcconfig; name = Config_AHarker_Externals.xcconfig; path = ../../Config_AHarker_Externals.xcconfig; sourceTree = "<group>"; };
		B8CD5C0C1CC2989200CE262E /* PatchSlot.cpp */ = {isa = PBXFileReference; fileEncoding = 4; lastKnownFileType = sourcecode.cpp.cpp; path = PatchSlot.cpp; sourceTree = "<group>"; };
		B8CD5C0D1CC2989200CE262E /* PatchSlot.h */ = {isa = PBXFileReference; fileEncoding = 4; lastKnownFileType = sourcecode.c.h; path = PatchSlot.h; sourceTree = "<group>"; };
		B8D6A6830ED6379E007C648E /* Accelerate.framework */ = {isa = PBXFileReference; lastKnownFileType = wrapper.framework; name = Accelerate.framework; path = /System/Library/Frameworks/Accelerate.framework; sourceTree = "<absolute>"; };
		B8EC176E10836C3600316C82 /* dynamic.this~.mxo */ = {isa = PBXFileReference; explicitFileType = wrapper.cfbundle; includeInIndex = 0; path = "dynamic.this~.mxo"; sourceTree = BUILT_PRODUCTS_DIR; };
		B8EC17B31083727700316C82 /* dynamic.this~.c */ = {isa = PBXFileReference; fileEncoding = 30; lastKnownFileType = sourcecode.c.c; path = "dynamic.this~.c"; sourceTree = "<group>"; };
		B8ECA0150F0A577100B26D31 /* dynamic.in~.c */ = {isa = PBXFileReference; fileEncoding = 30; lastKnownFileType = sourcecode.c.c; path = "dynamic.in~.c"; sourceTree = "<group>"; };
		B8ECA0160F0A577100B26D31 /* dynamic.out~.c */ = {isa = PBXFileReference; fileEncoding = 30; lastKnownFileType = sourcecode.c.c; path = "dynamic.out~.c"; sourceTree = "<group>"; };
		B8ECA0170F0A577100B26D31 /* dynamic.patch~.c */ = {isa = PBXFileReference; fileEncoding = 30; lastKnownFileType = sourcecode.c.c; path = "dynamic.patch~.c"; sourceTree = "<group>"; };
		B8ECA02A0F0A578000B26D31 /* dynamic.patch~.mxo */ = {isa = PBXFileReference; explicitFileType = wrapper.cfbundle; includeInIndex = 0; path = "dynamic.patch~.mxo"; sourceTree = BUILT_PRODUCTS_DIR; };
		B8ECA03B0F0A578900B26D31 /* dynamic.in~.mxo */ = {isa = PBXFileReference; explicitFileType = wrapper.cfbundle; includeInIndex = 0; path = "dynamic.in~.mxo"; sourceTree = BUILT_PRODUCTS_DIR; };
		B8ECA04E0F0A57A800B26D31 /* dynamic.out~.mxo */ = {isa = PBXFileReference; explicitFileType = wrapper.cfbundle; includeInIndex = 0; path = "dynamic.out~.mxo"; sourceTree = BUILT_PRODUCTS_DIR; };
/* End PBXFileReference section */

/* Begin PBXFrameworksBuildPhase section */
		8D01CCCD0486CAD60068D4B7 /* Frameworks */ = {
			isa = PBXFrameworksBuildPhase;
			buildActionMask = 2147483647;
			files = (
				8D01CCCE0486CAD60068D4B7 /* Carbon.framework in Frameworks */,
				B8D6A6840ED6379E007C648E /* Accelerate.framework in Frameworks */,
			);
			runOnlyForDeploymentPostprocessing = 0;
		};
		B803276D11CCFC69009E69AD /* Frameworks */ = {
			isa = PBXFrameworksBuildPhase;
			buildActionMask = 2147483647;
			files = (
				B803276E11CCFC69009E69AD /* Carbon.framework in Frameworks */,
				B803276F11CCFC69009E69AD /* Accelerate.framework in Frameworks */,
			);
			runOnlyForDeploymentPostprocessing = 0;
		};
		B8600FB112C22A6500864B9B /* Frameworks */ = {
			isa = PBXFrameworksBuildPhase;
			buildActionMask = 2147483647;
			files = (
				B8600FB412C22A6500864B9B /* Carbon.framework in Frameworks */,
				B8600FB512C22A6500864B9B /* Accelerate.framework in Frameworks */,
			);
			runOnlyForDeploymentPostprocessing = 0;
		};
		B8EC176410836C3600316C82 /* Frameworks */ = {
			isa = PBXFrameworksBuildPhase;
			buildActionMask = 2147483647;
			files = (
				B8EC176510836C3600316C82 /* Carbon.framework in Frameworks */,
				B8EC176610836C3600316C82 /* Accelerate.framework in Frameworks */,
			);
			runOnlyForDeploymentPostprocessing = 0;
		};
		B8ECA0200F0A578000B26D31 /* Frameworks */ = {
			isa = PBXFrameworksBuildPhase;
			buildActionMask = 2147483647;
			files = (
				B8ECA0210F0A578000B26D31 /* Carbon.framework in Frameworks */,
				B8ECA0240F0A578000B26D31 /* Accelerate.framework in Frameworks */,
			);
			runOnlyForDeploymentPostprocessing = 0;
		};
		B8ECA0310F0A578900B26D31 /* Frameworks */ = {
			isa = PBXFrameworksBuildPhase;
			buildActionMask = 2147483647;
			files = (
				B8ECA0320F0A578900B26D31 /* Carbon.framework in Frameworks */,
				B8ECA0350F0A578900B26D31 /* Accelerate.framework in Frameworks */,
			);
			runOnlyForDeploymentPostprocessing = 0;
		};
		B8ECA0440F0A57A800B26D31 /* Frameworks */ = {
			isa = PBXFrameworksBuildPhase;
			buildActionMask = 2147483647;
			files = (
				B8ECA0450F0A57A800B26D31 /* Carbon.framework in Frameworks */,
				B8ECA0480F0A57A800B26D31 /* Accelerate.framework in Frameworks */,
			);
			runOnlyForDeploymentPostprocessing = 0;
		};
/* End PBXFrameworksBuildPhase section */

/* Begin PBXGroup section */
		089C166AFE841209C02AAC07 /* plus~ */ = {
			isa = PBXGroup;
			children = (
				B8C35FAF19FA65A000C04C8D /* Config_AHarker_Externals.xcconfig */,
				B87283961CC38D2D00A1C38E /* dynamicdsp~.h */,
				08FB77ADFE841716C02AAC07 /* Source */,
				089C167CFE841241C02AAC07 /* Resources */,
				089C1671FE841209C02AAC07 /* External Frameworks and Libraries */,
				19C28FB4FE9D528D11CA2CBB /* Products */,
			);
			name = "plus~";
			sourceTree = "<group>";
		};
		089C1671FE841209C02AAC07 /* External Frameworks and Libraries */ = {
			isa = PBXGroup;
			children = (
				B8D6A6830ED6379E007C648E /* Accelerate.framework */,
				08EA7FFBFE8413EDC02AAC07 /* Carbon.framework */,
			);
			name = "External Frameworks and Libraries";
			sourceTree = "<group>";
		};
		089C167CFE841241C02AAC07 /* Resources */ = {
			isa = PBXGroup;
			children = (
			);
			name = Resources;
			sourceTree = "<group>";
		};
		08FB77ADFE841716C02AAC07 /* Source */ = {
			isa = PBXGroup;
			children = (
				B85B63AB1CC4236600381391 /* ThreadSlot.cpp */,
				B85B63AC1CC4236600381391 /* ThreadSlot.h */,
				B8CD5C0D1CC2989200CE262E /* PatchSlot.h */,
				B8CD5C0C1CC2989200CE262E /* PatchSlot.cpp */,
				B87283981CC39A5100A1C38E /* PatchSet.h */,
				B81B30B40D038BA600D03560 /* dynamicdsp~.cpp */,
				B8600FEA12C22C6700864B9B /* dynamicserial~.cpp */,
				B8EC17B31083727700316C82 /* dynamic.this~.c */,
				B8ECA0170F0A577100B26D31 /* dynamic.patch~.c */,
				B8ECA0150F0A577100B26D31 /* dynamic.in~.c */,
				B8ECA0160F0A577100B26D31 /* dynamic.out~.c */,
				B803279811CCFCB3009E69AD /* dynamic.request~.c */,
			);
			name = Source;
			sourceTree = "<group>";
		};
		19C28FB4FE9D528D11CA2CBB /* Products */ = {
			isa = PBXGroup;
			children = (
				B1D995FF0A4BA74D00CE1530 /* dynamicdsp~.mxo */,
				B8ECA02A0F0A578000B26D31 /* dynamic.patch~.mxo */,
				B8ECA03B0F0A578900B26D31 /* dynamic.in~.mxo */,
				B8ECA04E0F0A57A800B26D31 /* dynamic.out~.mxo */,
				B8EC176E10836C3600316C82 /* dynamic.this~.mxo */,
				B803277711CCFC69009E69AD /* dynamic.request~.mxo */,
				B8600FBC12C22A6500864B9B /* dynamicserial~.mxo */,
			);
			name = Products;
			sourceTree = "<group>";
		};
/* End PBXGroup section */

/* Begin PBXHeadersBuildPhase section */
		8D01CCC70486CAD60068D4B7 /* Headers */ = {
			isa = PBXHeadersBuildPhase;
			buildActionMask = 2147483647;
			files = (
				B872839A1CC39A5100A1C38E /* PatchSet.h in Headers */,
				B85B63AE1CC4236600381391 /* ThreadSlot.h in Headers */,
				B8CD5C101CC2989200CE262E /* PatchSlot.h in Headers */,
			);
			runOnlyForDeploymentPostprocessing = 0;
		};
		B803276911CCFC69009E69AD /* Headers */ = {
			isa = PBXHeadersBuildPhase;
			buildActionMask = 2147483647;
			files = (
			);
			runOnlyForDeploymentPostprocessing = 0;
		};
		B8600FAD12C22A6500864B9B /* Headers */ = {
			isa = PBXHeadersBuildPhase;
			buildActionMask = 2147483647;
			files = (
				B8CD5C111CC2989200CE262E /* PatchSlot.h in Headers */,
			);
			runOnlyForDeploymentPostprocessing = 0;
		};
		B8EC175F10836C3600316C82 /* Headers */ = {
			isa = PBXHeadersBuildPhase;
			buildActionMask = 2147483647;
			files = (
			);
			runOnlyForDeploymentPostprocessing = 0;
		};
		B8ECA01C0F0A578000B26D31 /* Headers */ = {
			isa = PBXHeadersBuildPhase;
			buildActionMask = 2147483647;
			files = (
			);
			runOnlyForDeploymentPostprocessing = 0;
		};
		B8ECA02D0F0A578900B26D31 /* Headers */ = {
			isa = PBXHeadersBuildPhase;
			buildActionMask = 2147483647;
			files = (
			);
			runOnlyForDeploymentPostprocessing = 0;
		};
		B8ECA0400F0A57A800B26D31 /* Headers */ = {
			isa = PBXHeadersBuildPhase;
			buildActionMask = 2147483647;
			files = (
			);
			runOnlyForDeploymentPostprocessing = 0;
		};
/* End PBXHeadersBuildPhase section */

/* Begin PBXNativeTarget section */
		8D01CCC60486CAD60068D4B7 /* dynamicdsp~ */ = {
			isa = PBXNativeTarget;
			buildConfigurationList = 0FFBC540097463A900D78707 /* Build configuration list for PBXNativeTarget "dynamicdsp~" */;
			buildPhases = (
				8D01CCC70486CAD60068D4B7 /* Headers */,
				8D01CCC90486CAD60068D4B7 /* Resources */,
				8D01CCCB0486CAD60068D4B7 /* Sources */,
				8D01CCCD0486CAD60068D4B7 /* Frameworks */,
				8D01CCCF0486CAD60068D4B7 /* Rez */,
			);
			buildRules = (
			);
			dependencies = (
			);
			name = "dynamicdsp~";
			productInstallPath = "$(HOME)/Library/Bundles";
			productName = MSPExternal;
			productReference = B1D995FF0A4BA74D00CE1530 /* dynamicdsp~.mxo */;
			productType = "com.apple.product-type.bundle";
		};
		B803276811CCFC69009E69AD /* dynamic.request~ */ = {
			isa = PBXNativeTarget;
			buildConfigurationList = B803277311CCFC69009E69AD /* Build configuration list for PBXNativeTarget "dynamic.request~" */;
			buildPhases = (
				B803276911CCFC69009E69AD /* Headers */,
				B803276A11CCFC69009E69AD /* Resources */,
				B803276B11CCFC69009E69AD /* Sources */,
				B803276D11CCFC69009E69AD /* Frameworks */,
				B803277211CCFC69009E69AD /* Rez */,
			);
			buildRules = (
			);
			dependencies = (
			);
			name = "dynamic.request~";
			productInstallPath = "$(HOME)/Library/Bundles";
			productName = MSPExternal;
			productReference = B803277711CCFC69009E69AD /* dynamic.request~.mxo */;
			productType = "com.apple.product-type.bundle";
		};
		B8600FA812C22A6500864B9B /* dynamicserial~ */ = {
			isa = PBXNativeTarget;
			buildConfigurationList = B8600FB812C22A6500864B9B /* Build configuration list for PBXNativeTarget "dynamicserial~" */;
			buildPhases = (
				B8600FAD12C22A6500864B9B /* Headers */,
				B8600FAE12C22A6500864B9B /* Resources */,
				B8600FAF12C22A6500864B9B /* Sources */,
				B8600FB112C22A6500864B9B /* Frameworks */,
				B8600FB612C22A6500864B9B /* Rez */,
			);
			buildRules = (
			);
			dependencies = (
			);
			name = "dynamicserial~";
			productInstallPath = "$(HOME)/Library/Bundles";
			productName = MSPExternal;
			productReference = B8600FBC12C22A6500864B9B /* dynamicserial~.mxo */;
			productType = "com.apple.product-type.bundle";
		};
		B8EC175E10836C3600316C82 /* dynamic.this~ */ = {
			isa = PBXNativeTarget;
			buildConfigurationList = B8EC176A10836C3600316C82 /* Build configuration list for PBXNativeTarget "dynamic.this~" */;
			buildPhases = (
				B8EC175F10836C3600316C82 /* Headers */,
				B8EC176110836C3600316C82 /* Resources */,
				B8EC176210836C3600316C82 /* Sources */,
				B8EC176410836C3600316C82 /* Frameworks */,
				B8EC176910836C3600316C82 /* Rez */,
			);
			buildRules = (
			);
			dependencies = (
			);
			name = "dynamic.this~";
			productInstallPath = "$(HOME)/Library/Bundles";
			productName = MSPExternal;
			productReference = B8EC176E10836C3600316C82 /* dynamic.this~.mxo */;
			productType = "com.apple.product-type.bundle";
		};
		B8ECA01B0F0A578000B26D31 /* dynamic.patch~ */ = {
			isa = PBXNativeTarget;
			buildConfigurationList = B8ECA0260F0A578000B26D31 /* Build configuration list for PBXNativeTarget "dynamic.patch~" */;
			buildPhases = (
				B8ECA01C0F0A578000B26D31 /* Headers */,
				B8ECA01D0F0A578000B26D31 /* Resources */,
				B8ECA01E0F0A578000B26D31 /* Sources */,
				B8ECA0200F0A578000B26D31 /* Frameworks */,
				B8ECA0250F0A578000B26D31 /* Rez */,
			);
			buildRules = (
			);
			dependencies = (
			);
			name = "dynamic.patch~";
			productInstallPath = "$(HOME)/Library/Bundles";
			productName = MSPExternal;
			productReference = B8ECA02A0F0A578000B26D31 /* dynamic.patch~.mxo */;
			productType = "com.apple.product-type.bundle";
		};
		B8ECA02C0F0A578900B26D31 /* dynamic.in~ */ = {
			isa = PBXNativeTarget;
			buildConfigurationList = B8ECA0370F0A578900B26D31 /* Build configuration list for PBXNativeTarget "dynamic.in~" */;
			buildPhases = (
				B8ECA02D0F0A578900B26D31 /* Headers */,
				B8ECA02E0F0A578900B26D31 /* Resources */,
				B8ECA02F0F0A578900B26D31 /* Sources */,
				B8ECA0310F0A578900B26D31 /* Frameworks */,
				B8ECA0360F0A578900B26D31 /* Rez */,
			);
			buildRules = (
			);
			dependencies = (
			);
			name = "dynamic.in~";
			productInstallPath = "$(HOME)/Library/Bundles";
			productName = MSPExternal;
			productReference = B8ECA03B0F0A578900B26D31 /* dynamic.in~.mxo */;
			productType = "com.apple.product-type.bundle";
		};
		B8ECA03F0F0A57A800B26D31 /* dynamic.out~ */ = {
			isa = PBXNativeTarget;
			buildConfigurationList = B8ECA04A0F0A57A800B26D31 /* Build configuration list for PBXNativeTarget "dynamic.out~" */;
			buildPhases = (
				B8ECA0400F0A57A800B26D31 /* Headers */,
				B8ECA0410F0A57A800B26D31 /* Resources */,
				B8ECA0420F0A57A800B26D31 /* Sources */,
				B8ECA0440F0A57A800B26D31 /* Frameworks */,
				B8ECA0490F0A57A800B26D31 /* Rez */,
			);
			buildRules = (
			);
			dependencies = (
			);
			name = "dynamic.out~";
			productInstallPath = "$(HOME)/Library/Bundles";
			productName = MSPExternal;
			productReference = B8ECA04E0F0A57A800B26D31 /* dynamic.out~.mxo */;
			productType = "com.apple.product-type.bundle";
		};
/* End PBXNativeTarget section */

/* Begin PBXProject section */
		089C1669FE841209C02AAC07 /* Project object */ = {
			isa = PBXProject;
			attributes = {
				LastUpgradeCheck = 0600;
			};
			buildConfigurationList = 0FFBC544097463A900D78707 /* Build configuration list for PBXProject "dynamicdsp~" */;
			compatibilityVersion = "Xcode 3.2";
			developmentRegion = English;
			hasScannedForEncodings = 1;
			knownRegions = (
				English,
				Japanese,
				French,
				German,
			);
			mainGroup = 089C166AFE841209C02AAC07 /* plus~ */;
			projectDirPath = "";
			projectRoot = "";
			targets = (
				8D01CCC60486CAD60068D4B7 /* dynamicdsp~ */,
				B8600FA812C22A6500864B9B /* dynamicserial~ */,
				B8ECA01B0F0A578000B26D31 /* dynamic.patch~ */,
				B8EC175E10836C3600316C82 /* dynamic.this~ */,
				B803276811CCFC69009E69AD /* dynamic.request~ */,
				B8ECA02C0F0A578900B26D31 /* dynamic.in~ */,
				B8ECA03F0F0A57A800B26D31 /* dynamic.out~ */,
				B8ECA0590F0A57F800B26D31 /* dynamic objects */,
			);
		};
/* End PBXProject section */

/* Begin PBXResourcesBuildPhase section */
		8D01CCC90486CAD60068D4B7 /* Resources */ = {
			isa = PBXResourcesBuildPhase;
			buildActionMask = 2147483647;
			files = (
			);
			runOnlyForDeploymentPostprocessing = 0;
		};
		B803276A11CCFC69009E69AD /* Resources */ = {
			isa = PBXResourcesBuildPhase;
			buildActionMask = 2147483647;
			files = (
			);
			runOnlyForDeploymentPostprocessing = 0;
		};
		B8600FAE12C22A6500864B9B /* Resources */ = {
			isa = PBXResourcesBuildPhase;
			buildActionMask = 2147483647;
			files = (
			);
			runOnlyForDeploymentPostprocessing = 0;
		};
		B8EC176110836C3600316C82 /* Resources */ = {
			isa = PBXResourcesBuildPhase;
			buildActionMask = 2147483647;
			files = (
			);
			runOnlyForDeploymentPostprocessing = 0;
		};
		B8ECA01D0F0A578000B26D31 /* Resources */ = {
			isa = PBXResourcesBuildPhase;
			buildActionMask = 2147483647;
			files = (
			);
			runOnlyForDeploymentPostprocessing = 0;
		};
		B8ECA02E0F0A578900B26D31 /* Resources */ = {
			isa = PBXResourcesBuildPhase;
			buildActionMask = 2147483647;
			files = (
			);
			runOnlyForDeploymentPostprocessing = 0;
		};
		B8ECA0410F0A57A800B26D31 /* Resources */ = {
			isa = PBXResourcesBuildPhase;
			buildActionMask = 2147483647;
			files = (
			);
			runOnlyForDeploymentPostprocessing = 0;
		};
/* End PBXResourcesBuildPhase section */

/* Begin PBXRezBuildPhase section */
		8D01CCCF0486CAD60068D4B7 /* Rez */ = {
			isa = PBXRezBuildPhase;
			buildActionMask = 2147483647;
			files = (
			);
			runOnlyForDeploymentPostprocessing = 0;
		};
		B803277211CCFC69009E69AD /* Rez */ = {
			isa = PBXRezBuildPhase;
			buildActionMask = 2147483647;
			files = (
			);
			runOnlyForDeploymentPostprocessing = 0;
		};
		B8600FB612C22A6500864B9B /* Rez */ = {
			isa = PBXRezBuildPhase;
			buildActionMask = 2147483647;
			files = (
			);
			runOnlyForDeploymentPostprocessing = 0;
		};
		B8EC176910836C3600316C82 /* Rez */ = {
			isa = PBXRezBuildPhase;
			buildActionMask = 2147483647;
			files = (
			);
			runOnlyForDeploymentPostprocessing = 0;
		};
		B8ECA0250F0A578000B26D31 /* Rez */ = {
			isa = PBXRezBuildPhase;
			buildActionMask = 2147483647;
			files = (
			);
			runOnlyForDeploymentPostprocessing = 0;
		};
		B8ECA0360F0A578900B26D31 /* Rez */ = {
			isa = PBXRezBuildPhase;
			buildActionMask = 2147483647;
			files = (
			);
			runOnlyForDeploymentPostprocessing = 0;
		};
		B8ECA0490F0A57A800B26D31 /* Rez */ = {
			isa = PBXRezBuildPhase;
			buildActionMask = 2147483647;
			files = (
			);
			runOnlyForDeploymentPostprocessing = 0;
		};
/* End PBXRezBuildPhase section */

/* Begin PBXSourcesBuildPhase section */
		8D01CCCB0486CAD60068D4B7 /* Sources */ = {
			isa = PBXSourcesBuildPhase;
			buildActionMask = 2147483647;
			files = (
				B8CD5C0E1CC2989200CE262E /* PatchSlot.cpp in Sources */,
				B8C35FAC19FA5B5200C04C8D /* dynamicdsp~.cpp in Sources */,
			);
			runOnlyForDeploymentPostprocessing = 0;
		};
		B803276B11CCFC69009E69AD /* Sources */ = {
			isa = PBXSourcesBuildPhase;
			buildActionMask = 2147483647;
			files = (
				B803279911CCFCB3009E69AD /* dynamic.request~.c in Sources */,
			);
			runOnlyForDeploymentPostprocessing = 0;
		};
		B8600FAF12C22A6500864B9B /* Sources */ = {
			isa = PBXSourcesBuildPhase;
			buildActionMask = 2147483647;
			files = (
				B8CD5C0F1CC2989200CE262E /* PatchSlot.cpp in Sources */,
				B8C35FAE19FA5F0C00C04C8D /* dynamicserial~.cpp in Sources */,
			);
			runOnlyForDeploymentPostprocessing = 0;
		};
		B8EC176210836C3600316C82 /* Sources */ = {
			isa = PBXSourcesBuildPhase;
			buildActionMask = 2147483647;
			files = (
				B8EC17B51083727C00316C82 /* dynamic.this~.c in Sources */,
			);
			runOnlyForDeploymentPostprocessing = 0;
		};
		B8ECA01E0F0A578000B26D31 /* Sources */ = {
			isa = PBXSourcesBuildPhase;
			buildActionMask = 2147483647;
			files = (
				B8ECA0640F0A580C00B26D31 /* dynamic.patch~.c in Sources */,
			);
			runOnlyForDeploymentPostprocessing = 0;
		};
		B8ECA02F0F0A578900B26D31 /* Sources */ = {
			isa = PBXSourcesBuildPhase;
			buildActionMask = 2147483647;
			files = (
				B8ECA0650F0A581C00B26D31 /* dynamic.in~.c in Sources */,
			);
			runOnlyForDeploymentPostprocessing = 0;
		};
		B8ECA0420F0A57A800B26D31 /* Sources */ = {
			isa = PBXSourcesBuildPhase;
			buildActionMask = 2147483647;
			files = (
				B8ECA0660F0A582D00B26D31 /* dynamic.out~.c in Sources */,
			);
			runOnlyForDeploymentPostprocessing = 0;
		};
/* End PBXSourcesBuildPhase section */

/* Begin PBXTargetDependency section */
		B803278811CCFC79009E69AD /* PBXTargetDependency */ = {
			isa = PBXTargetDependency;
			target = B803276811CCFC69009E69AD /* dynamic.request~ */;
			targetProxy = B803278711CCFC79009E69AD /* PBXContainerItemProxy */;
		};
		B8B56CF51465F01200FE85B0 /* PBXTargetDependency */ = {
			isa = PBXTargetDependency;
			target = B8600FA812C22A6500864B9B /* dynamicserial~ */;
			targetProxy = B8B56CF41465F01200FE85B0 /* PBXContainerItemProxy */;
		};
		B8E8E8EB1091FC7B00A3FF7C /* PBXTargetDependency */ = {
			isa = PBXTargetDependency;
			target = 8D01CCC60486CAD60068D4B7 /* dynamicdsp~ */;
			targetProxy = B8E8E8EA1091FC7B00A3FF7C /* PBXContainerItemProxy */;
		};
		B8EC17B91083729E00316C82 /* PBXTargetDependency */ = {
			isa = PBXTargetDependency;
			target = B8EC175E10836C3600316C82 /* dynamic.this~ */;
			targetProxy = B8EC17B81083729E00316C82 /* PBXContainerItemProxy */;
		};
		B8ECA05D0F0A580100B26D31 /* PBXTargetDependency */ = {
			isa = PBXTargetDependency;
			target = B8ECA01B0F0A578000B26D31 /* dynamic.patch~ */;
			targetProxy = B8ECA05C0F0A580100B26D31 /* PBXContainerItemProxy */;
		};
		B8ECA05F0F0A580100B26D31 /* PBXTargetDependency */ = {
			isa = PBXTargetDependency;
			target = B8ECA02C0F0A578900B26D31 /* dynamic.in~ */;
			targetProxy = B8ECA05E0F0A580100B26D31 /* PBXContainerItemProxy */;
		};
		B8ECA0610F0A580100B26D31 /* PBXTargetDependency */ = {
			isa = PBXTargetDependency;
			target = B8ECA03F0F0A57A800B26D31 /* dynamic.out~ */;
			targetProxy = B8ECA0600F0A580100B26D31 /* PBXContainerItemProxy */;
		};
/* End PBXTargetDependency section */

/* Begin XCBuildConfiguration section */
		0FFBC541097463A900D78707 /* Development */ = {
			isa = XCBuildConfiguration;
			baseConfigurationReference = B8C35FAF19FA65A000C04C8D /* Config_AHarker_Externals.xcconfig */;
			buildSettings = {
				GCC_ENABLE_FIX_AND_CONTINUE = YES;
				GCC_GENERATE_DEBUGGING_SYMBOLS = YES;
				GCC_OPTIMIZATION_LEVEL = 0;
			};
			name = Development;
		};
		0FFBC542097463A900D78707 /* Deployment */ = {
			isa = XCBuildConfiguration;
			baseConfigurationReference = B8C35FAF19FA65A000C04C8D /* Config_AHarker_Externals.xcconfig */;
			buildSettings = {
				GCC_ENABLE_FIX_AND_CONTINUE = NO;
				GCC_GENERATE_DEBUGGING_SYMBOLS = NO;
			};
			name = Deployment;
		};
		0FFBC543097463A900D78707 /* Default */ = {
			isa = XCBuildConfiguration;
			baseConfigurationReference = B8C35FAF19FA65A000C04C8D /* Config_AHarker_Externals.xcconfig */;
			buildSettings = {
				GCC_GENERATE_DEBUGGING_SYMBOLS = NO;
			};
			name = Default;
		};
		0FFBC545097463A900D78707 /* Development */ = {
			isa = XCBuildConfiguration;
			buildSettings = {
				CLANG_WARN_BOOL_CONVERSION = YES;
				CLANG_WARN_CONSTANT_CONVERSION = YES;
				CLANG_WARN_EMPTY_BODY = YES;
				CLANG_WARN_ENUM_CONVERSION = YES;
				CLANG_WARN_INT_CONVERSION = YES;
				CLANG_WARN_UNREACHABLE_CODE = YES;
				CLANG_WARN__DUPLICATE_METHOD_MATCH = YES;
				COMBINE_HIDPI_IMAGES = YES;
				ENABLE_STRICT_OBJC_MSGSEND = YES;
				GCC_WARN_64_TO_32_BIT_CONVERSION = YES;
				GCC_WARN_ABOUT_RETURN_TYPE = YES;
				GCC_WARN_UNDECLARED_SELECTOR = YES;
				GCC_WARN_UNINITIALIZED_AUTOS = YES;
				GCC_WARN_UNUSED_FUNCTION = YES;
				GCC_WARN_UNUSED_VARIABLE = YES;
			};
			name = Development;
		};
		0FFBC546097463A900D78707 /* Deployment */ = {
			isa = XCBuildConfiguration;
			buildSettings = {
				CLANG_WARN_BOOL_CONVERSION = YES;
				CLANG_WARN_CONSTANT_CONVERSION = YES;
				CLANG_WARN_EMPTY_BODY = YES;
				CLANG_WARN_ENUM_CONVERSION = YES;
				CLANG_WARN_INT_CONVERSION = YES;
				CLANG_WARN_UNREACHABLE_CODE = YES;
				CLANG_WARN__DUPLICATE_METHOD_MATCH = YES;
				COMBINE_HIDPI_IMAGES = YES;
				ENABLE_STRICT_OBJC_MSGSEND = YES;
				GCC_WARN_64_TO_32_BIT_CONVERSION = YES;
				GCC_WARN_ABOUT_RETURN_TYPE = YES;
				GCC_WARN_UNDECLARED_SELECTOR = YES;
				GCC_WARN_UNINITIALIZED_AUTOS = YES;
				GCC_WARN_UNUSED_FUNCTION = YES;
				GCC_WARN_UNUSED_VARIABLE = YES;
			};
			name = Deployment;
		};
		0FFBC547097463A900D78707 /* Default */ = {
			isa = XCBuildConfiguration;
			buildSettings = {
				CLANG_WARN_BOOL_CONVERSION = YES;
				CLANG_WARN_CONSTANT_CONVERSION = YES;
				CLANG_WARN_EMPTY_BODY = YES;
				CLANG_WARN_ENUM_CONVERSION = YES;
				CLANG_WARN_INT_CONVERSION = YES;
				CLANG_WARN_UNREACHABLE_CODE = YES;
				CLANG_WARN__DUPLICATE_METHOD_MATCH = YES;
				COMBINE_HIDPI_IMAGES = YES;
				ENABLE_STRICT_OBJC_MSGSEND = YES;
				GCC_WARN_64_TO_32_BIT_CONVERSION = YES;
				GCC_WARN_ABOUT_RETURN_TYPE = YES;
				GCC_WARN_UNDECLARED_SELECTOR = YES;
				GCC_WARN_UNINITIALIZED_AUTOS = YES;
				GCC_WARN_UNUSED_FUNCTION = YES;
				GCC_WARN_UNUSED_VARIABLE = YES;
			};
			name = Default;
		};
		B803277411CCFC69009E69AD /* Development */ = {
			isa = XCBuildConfiguration;
			baseConfigurationReference = B8C35FAF19FA65A000C04C8D /* Config_AHarker_Externals.xcconfig */;
			buildSettings = {
				GCC_ENABLE_FIX_AND_CONTINUE = YES;
				GCC_GENERATE_DEBUGGING_SYMBOLS = YES;
				GCC_OPTIMIZATION_LEVEL = 0;
			};
			name = Development;
		};
		B803277511CCFC69009E69AD /* Deployment */ = {
			isa = XCBuildConfiguration;
			baseConfigurationReference = B8C35FAF19FA65A000C04C8D /* Config_AHarker_Externals.xcconfig */;
			buildSettings = {
				GCC_ENABLE_FIX_AND_CONTINUE = NO;
				GCC_GENERATE_DEBUGGING_SYMBOLS = NO;
			};
			name = Deployment;
		};
		B803277611CCFC69009E69AD /* Default */ = {
			isa = XCBuildConfiguration;
			baseConfigurationReference = B8C35FAF19FA65A000C04C8D /* Config_AHarker_Externals.xcconfig */;
			buildSettings = {
				GCC_GENERATE_DEBUGGING_SYMBOLS = NO;
			};
			name = Default;
		};
		B8600FB912C22A6500864B9B /* Development */ = {
			isa = XCBuildConfiguration;
			baseConfigurationReference = B8C35FAF19FA65A000C04C8D /* Config_AHarker_Externals.xcconfig */;
			buildSettings = {
				GCC_ENABLE_FIX_AND_CONTINUE = YES;
				GCC_GENERATE_DEBUGGING_SYMBOLS = YES;
				GCC_OPTIMIZATION_LEVEL = 0;
			};
			name = Development;
		};
		B8600FBA12C22A6500864B9B /* Deployment */ = {
			isa = XCBuildConfiguration;
			baseConfigurationReference = B8C35FAF19FA65A000C04C8D /* Config_AHarker_Externals.xcconfig */;
			buildSettings = {
				GCC_ENABLE_FIX_AND_CONTINUE = NO;
				GCC_GENERATE_DEBUGGING_SYMBOLS = NO;
			};
			name = Deployment;
		};
		B8600FBB12C22A6500864B9B /* Default */ = {
			isa = XCBuildConfiguration;
			baseConfigurationReference = B8C35FAF19FA65A000C04C8D /* Config_AHarker_Externals.xcconfig */;
			buildSettings = {
				GCC_GENERATE_DEBUGGING_SYMBOLS = NO;
			};
			name = Default;
		};
		B8EC176B10836C3600316C82 /* Development */ = {
			isa = XCBuildConfiguration;
			baseConfigurationReference = B8C35FAF19FA65A000C04C8D /* Config_AHarker_Externals.xcconfig */;
			buildSettings = {
				GCC_ENABLE_FIX_AND_CONTINUE = YES;
				GCC_GENERATE_DEBUGGING_SYMBOLS = YES;
				GCC_OPTIMIZATION_LEVEL = 0;
			};
			name = Development;
		};
		B8EC176C10836C3600316C82 /* Deployment */ = {
			isa = XCBuildConfiguration;
			baseConfigurationReference = B8C35FAF19FA65A000C04C8D /* Config_AHarker_Externals.xcconfig */;
			buildSettings = {
				GCC_ENABLE_FIX_AND_CONTINUE = NO;
				GCC_GENERATE_DEBUGGING_SYMBOLS = NO;
			};
			name = Deployment;
		};
		B8EC176D10836C3600316C82 /* Default */ = {
			isa = XCBuildConfiguration;
			baseConfigurationReference = B8C35FAF19FA65A000C04C8D /* Config_AHarker_Externals.xcconfig */;
			buildSettings = {
				GCC_GENERATE_DEBUGGING_SYMBOLS = NO;
			};
			name = Default;
		};
		B8ECA0270F0A578000B26D31 /* Development */ = {
			isa = XCBuildConfiguration;
			baseConfigurationReference = B8C35FAF19FA65A000C04C8D /* Config_AHarker_Externals.xcconfig */;
			buildSettings = {
				GCC_ENABLE_FIX_AND_CONTINUE = YES;
				GCC_GENERATE_DEBUGGING_SYMBOLS = YES;
				GCC_OPTIMIZATION_LEVEL = 0;
			};
			name = Development;
		};
		B8ECA0280F0A578000B26D31 /* Deployment */ = {
			isa = XCBuildConfiguration;
			baseConfigurationReference = B8C35FAF19FA65A000C04C8D /* Config_AHarker_Externals.xcconfig */;
			buildSettings = {
				GCC_ENABLE_FIX_AND_CONTINUE = NO;
				GCC_GENERATE_DEBUGGING_SYMBOLS = NO;
			};
			name = Deployment;
		};
		B8ECA0290F0A578000B26D31 /* Default */ = {
			isa = XCBuildConfiguration;
			baseConfigurationReference = B8C35FAF19FA65A000C04C8D /* Config_AHarker_Externals.xcconfig */;
			buildSettings = {
				GCC_GENERATE_DEBUGGING_SYMBOLS = NO;
			};
			name = Default;
		};
		B8ECA0380F0A578900B26D31 /* Development */ = {
			isa = XCBuildConfiguration;
			baseConfigurationReference = B8C35FAF19FA65A000C04C8D /* Config_AHarker_Externals.xcconfig */;
			buildSettings = {
				GCC_ENABLE_FIX_AND_CONTINUE = YES;
				GCC_GENERATE_DEBUGGING_SYMBOLS = YES;
				GCC_OPTIMIZATION_LEVEL = 0;
			};
			name = Development;
		};
		B8ECA0390F0A578900B26D31 /* Deployment */ = {
			isa = XCBuildConfiguration;
			baseConfigurationReference = B8C35FAF19FA65A000C04C8D /* Config_AHarker_Externals.xcconfig */;
			buildSettings = {
				GCC_ENABLE_FIX_AND_CONTINUE = NO;
				GCC_GENERATE_DEBUGGING_SYMBOLS = NO;
			};
			name = Deployment;
		};
		B8ECA03A0F0A578900B26D31 /* Default */ = {
			isa = XCBuildConfiguration;
			baseConfigurationReference = B8C35FAF19FA65A000C04C8D /* Config_AHarker_Externals.xcconfig */;
			buildSettings = {
				GCC_GENERATE_DEBUGGING_SYMBOLS = NO;
			};
			name = Default;
		};
		B8ECA04B0F0A57A800B26D31 /* Development */ = {
			isa = XCBuildConfiguration;
			baseConfigurationReference = B8C35FAF19FA65A000C04C8D /* Config_AHarker_Externals.xcconfig */;
			buildSettings = {
				GCC_ENABLE_FIX_AND_CONTINUE = YES;
				GCC_GENERATE_DEBUGGING_SYMBOLS = YES;
				GCC_OPTIMIZATION_LEVEL = 0;
			};
			name = Development;
		};
		B8ECA04C0F0A57A800B26D31 /* Deployment */ = {
			isa = XCBuildConfiguration;
			baseConfigurationReference = B8C35FAF19FA65A000C04C8D /* Config_AHarker_Externals.xcconfig */;
			buildSettings = {
				GCC_ENABLE_FIX_AND_CONTINUE = NO;
				GCC_GENERATE_DEBUGGING_SYMBOLS = NO;
			};
			name = Deployment;
		};
		B8ECA04D0F0A57A800B26D31 /* Default */ = {
			isa = XCBuildConfiguration;
			baseConfigurationReference = B8C35FAF19FA65A000C04C8D /* Config_AHarker_Externals.xcconfig */;
			buildSettings = {
				GCC_GENERATE_DEBUGGING_SYMBOLS = NO;
			};
			name = Default;
		};
		B8ECA0720F0A586200B26D31 /* Development */ = {
			isa = XCBuildConfiguration;
			baseConfigurationReference = B8C35FAF19FA65A000C04C8D /* Config_AHarker_Externals.xcconfig */;
			buildSettings = {
				COPY_PHASE_STRIP = NO;
				PRODUCT_NAME = "Dynamic Suite";
			};
			name = Development;
		};
		B8ECA0730F0A586200B26D31 /* Deployment */ = {
			isa = XCBuildConfiguration;
			baseConfigurationReference = B8C35FAF19FA65A000C04C8D /* Config_AHarker_Externals.xcconfig */;
			buildSettings = {
				COPY_PHASE_STRIP = YES;
				GCC_ENABLE_FIX_AND_CONTINUE = NO;
				PRODUCT_NAME = "Dynamic Suite";
			};
			name = Deployment;
		};
		B8ECA0740F0A586200B26D31 /* Default */ = {
			isa = XCBuildConfiguration;
			baseConfigurationReference = B8C35FAF19FA65A000C04C8D /* Config_AHarker_Externals.xcconfig */;
			buildSettings = {
				PRODUCT_NAME = "Dynamic Suite";
			};
			name = Default;
		};
/* End XCBuildConfiguration section */

/* Begin XCConfigurationList section */
		0FFBC540097463A900D78707 /* Build configuration list for PBXNativeTarget "dynamicdsp~" */ = {
			isa = XCConfigurationList;
			buildConfigurations = (
				0FFBC541097463A900D78707 /* Development */,
				0FFBC542097463A900D78707 /* Deployment */,
				0FFBC543097463A900D78707 /* Default */,
			);
			defaultConfigurationIsVisible = 0;
			defaultConfigurationName = Default;
		};
		0FFBC544097463A900D78707 /* Build configuration list for PBXProject "dynamicdsp~" */ = {
			isa = XCConfigurationList;
			buildConfigurations = (
				0FFBC545097463A900D78707 /* Development */,
				0FFBC546097463A900D78707 /* Deployment */,
				0FFBC547097463A900D78707 /* Default */,
			);
			defaultConfigurationIsVisible = 0;
			defaultConfigurationName = Default;
		};
		B803277311CCFC69009E69AD /* Build configuration list for PBXNativeTarget "dynamic.request~" */ = {
			isa = XCConfigurationList;
			buildConfigurations = (
				B803277411CCFC69009E69AD /* Development */,
				B803277511CCFC69009E69AD /* Deployment */,
				B803277611CCFC69009E69AD /* Default */,
			);
			defaultConfigurationIsVisible = 0;
			defaultConfigurationName = Default;
		};
		B8600FB812C22A6500864B9B /* Build configuration list for PBXNativeTarget "dynamicserial~" */ = {
			isa = XCConfigurationList;
			buildConfigurations = (
				B8600FB912C22A6500864B9B /* Development */,
				B8600FBA12C22A6500864B9B /* Deployment */,
				B8600FBB12C22A6500864B9B /* Default */,
			);
			defaultConfigurationIsVisible = 0;
			defaultConfigurationName = Default;
		};
		B8EC176A10836C3600316C82 /* Build configuration list for PBXNativeTarget "dynamic.this~" */ = {
			isa = XCConfigurationList;
			buildConfigurations = (
				B8EC176B10836C3600316C82 /* Development */,
				B8EC176C10836C3600316C82 /* Deployment */,
				B8EC176D10836C3600316C82 /* Default */,
			);
			defaultConfigurationIsVisible = 0;
			defaultConfigurationName = Default;
		};
		B8ECA0260F0A578000B26D31 /* Build configuration list for PBXNativeTarget "dynamic.patch~" */ = {
			isa = XCConfigurationList;
			buildConfigurations = (
				B8ECA0270F0A578000B26D31 /* Development */,
				B8ECA0280F0A578000B26D31 /* Deployment */,
				B8ECA0290F0A578000B26D31 /* Default */,
			);
			defaultConfigurationIsVisible = 0;
			defaultConfigurationName = Default;
		};
		B8ECA0370F0A578900B26D31 /* Build configuration list for PBXNativeTarget "dynamic.in~" */ = {
			isa = XCConfigurationList;
			buildConfigurations = (
				B8ECA0380F0A578900B26D31 /* Development */,
				B8ECA0390F0A578900B26D31 /* Deployment */,
				B8ECA03A0F0A578900B26D31 /* Default */,
			);
			defaultConfigurationIsVisible = 0;
			defaultConfigurationName = Default;
		};
		B8ECA04A0F0A57A800B26D31 /* Build configuration list for PBXNativeTarget "dynamic.out~" */ = {
			isa = XCConfigurationList;
			buildConfigurations = (
				B8ECA04B0F0A57A800B26D31 /* Development */,
				B8ECA04C0F0A57A800B26D31 /* Deployment */,
				B8ECA04D0F0A57A800B26D31 /* Default */,
			);
			defaultConfigurationIsVisible = 0;
			defaultConfigurationName = Default;
		};
		B8ECA0710F0A586200B26D31 /* Build configuration list for PBXAggregateTarget "dynamic objects" */ = {
			isa = XCConfigurationList;
			buildConfigurations = (
				B8ECA0720F0A586200B26D31 /* Development */,
				B8ECA0730F0A586200B26D31 /* Deployment */,
				B8ECA0740F0A586200B26D31 /* Default */,
			);
			defaultConfigurationIsVisible = 0;
			defaultConfigurationName = Default;
		};
/* End XCConfigurationList section */
	};
	rootObject = 089C1669FE841209C02AAC07 /* Project object */;
}
